// !$*UTF8*$!
{
	archiveVersion = 1;
	classes = {
	};
	objectVersion = 46;
	objects = {

/* Begin PBXBuildFile section */
		320CF59820E7E6EF003F91EC /* Either.swift in Sources */ = {isa = PBXBuildFile; fileRef = 320CF59720E7E6EF003F91EC /* Either.swift */; };
		321B75DA1F9BAD320055EBC4 /* AppDelegate.swift in Sources */ = {isa = PBXBuildFile; fileRef = 321B75D91F9BAD320055EBC4 /* AppDelegate.swift */; };
		321B75DC1F9BAD320055EBC4 /* SignInViewController.swift in Sources */ = {isa = PBXBuildFile; fileRef = 321B75DB1F9BAD320055EBC4 /* SignInViewController.swift */; };
		321B75DF1F9BAD320055EBC4 /* SignIn.storyboard in Resources */ = {isa = PBXBuildFile; fileRef = 321B75DD1F9BAD320055EBC4 /* SignIn.storyboard */; };
		321B75E41F9BAD320055EBC4 /* Assets.xcassets in Resources */ = {isa = PBXBuildFile; fileRef = 321B75E31F9BAD320055EBC4 /* Assets.xcassets */; };
		321B75E71F9BAD320055EBC4 /* LaunchScreen.storyboard in Resources */ = {isa = PBXBuildFile; fileRef = 321B75E51F9BAD320055EBC4 /* LaunchScreen.storyboard */; };
		321F9007204F8CB700E2BA57 /* NewConventionUserInfoViewController.swift in Sources */ = {isa = PBXBuildFile; fileRef = 321F9006204F8CB700E2BA57 /* NewConventionUserInfoViewController.swift */; };
		321FDE7D20269AB0002DF04B /* SettingsViewController.swift in Sources */ = {isa = PBXBuildFile; fileRef = 321FDE7C20269AB0002DF04B /* SettingsViewController.swift */; };
		321FDE8020269E43002DF04B /* SettingsBooleanTableViewCell.swift in Sources */ = {isa = PBXBuildFile; fileRef = 321FDE7F20269E43002DF04B /* SettingsBooleanTableViewCell.swift */; };
		321FDE8220269E67002DF04B /* SettingsActionTableViewCell.swift in Sources */ = {isa = PBXBuildFile; fileRef = 321FDE8120269E67002DF04B /* SettingsActionTableViewCell.swift */; };
		321FDE842027D14B002DF04B /* Observable+Helpers.swift in Sources */ = {isa = PBXBuildFile; fileRef = 321FDE832027D14B002DF04B /* Observable+Helpers.swift */; };
		32254DDF205F4CDD003E021F /* ExpenseDetailsOverlayViewController.swift in Sources */ = {isa = PBXBuildFile; fileRef = 32254DDE205F4CDD003E021F /* ExpenseDetailsOverlayViewController.swift */; };
		322AFB3F20574622005E56C8 /* String+JSON.swift in Sources */ = {isa = PBXBuildFile; fileRef = 322AFB3E20574622005E56C8 /* String+JSON.swift */; };
		322AFB41205763C0005E56C8 /* String+Escape.swift in Sources */ = {isa = PBXBuildFile; fileRef = 322AFB40205763C0005E56C8 /* String+Escape.swift */; };
		322AFB45205769DE005E56C8 /* Tuple.swift in Sources */ = {isa = PBXBuildFile; fileRef = 322AFB44205769DE005E56C8 /* Tuple.swift */; };
		322C6A0B204CC2170021A2D9 /* localization in Resources */ = {isa = PBXBuildFile; fileRef = 322C6A0A204CC2170021A2D9 /* localization */; };
		322C6A0D204CC2810021A2D9 /* String+Localization.swift in Sources */ = {isa = PBXBuildFile; fileRef = 322C6A0C204CC2810021A2D9 /* String+Localization.swift */; };
		322C6A0F204CC8B40021A2D9 /* String+Display.swift in Sources */ = {isa = PBXBuildFile; fileRef = 322C6A0E204CC8B40021A2D9 /* String+Display.swift */; };
		322C6A13204E1D070021A2D9 /* ConventionUserInfoListViewController.swift in Sources */ = {isa = PBXBuildFile; fileRef = 322C6A12204E1D070021A2D9 /* ConventionUserInfoListViewController.swift */; };
		322C6A15204E20570021A2D9 /* ConventionUserInfoTableViewCell.swift in Sources */ = {isa = PBXBuildFile; fileRef = 322C6A14204E20570021A2D9 /* ConventionUserInfoTableViewCell.swift */; };
		322C6A18204E231B0021A2D9 /* thumb_down.svg in Resources */ = {isa = PBXBuildFile; fileRef = 322C6A16204E231A0021A2D9 /* thumb_down.svg */; };
		322C6A19204E231B0021A2D9 /* thumb_up.svg in Resources */ = {isa = PBXBuildFile; fileRef = 322C6A17204E231B0021A2D9 /* thumb_up.svg */; };
		324592951FEAFA6000DE89BB /* ConArtist.swift in Sources */ = {isa = PBXBuildFile; fileRef = 324592941FEAFA6000DE89BB /* ConArtist.swift */; };
		324592971FEAFEE000DE89BB /* ConRequest.swift in Sources */ = {isa = PBXBuildFile; fileRef = 324592961FEAFEE000DE89BB /* ConRequest.swift */; };
		3245929C1FEB19DA00DE89BB /* GraphQL.swift in Sources */ = {isa = PBXBuildFile; fileRef = 3245929B1FEB19DA00DE89BB /* GraphQL.swift */; };
		324592A01FEB230600DE89BB /* Auth.swift in Sources */ = {isa = PBXBuildFile; fileRef = 3245929F1FEB230600DE89BB /* Auth.swift */; };
		324592A21FEB4B4D00DE89BB /* ConventionListViewController.swift in Sources */ = {isa = PBXBuildFile; fileRef = 324592A11FEB4B4D00DE89BB /* ConventionListViewController.swift */; };
		324592AA1FEC2E7900DE89BB /* Model.swift in Sources */ = {isa = PBXBuildFile; fileRef = 324592A91FEC2E7900DE89BB /* Model.swift */; };
		324592AC1FEC2EA500DE89BB /* Convention.swift in Sources */ = {isa = PBXBuildFile; fileRef = 324592AB1FEC2EA500DE89BB /* Convention.swift */; };
		324592AE1FEC314900DE89BB /* Date+Helpers.swift in Sources */ = {isa = PBXBuildFile; fileRef = 324592AD1FEC314900DE89BB /* Date+Helpers.swift */; };
		325EAB1D205247E900B1BE3E /* RecordSummaryTableViewCell.swift in Sources */ = {isa = PBXBuildFile; fileRef = 325EAB1C205247E900B1BE3E /* RecordSummaryTableViewCell.swift */; };
		325EAB1F2052481200B1BE3E /* ExpenseTableViewCell.swift in Sources */ = {isa = PBXBuildFile; fileRef = 325EAB1E2052481200B1BE3E /* ExpenseTableViewCell.swift */; };
		325EAB212052493300B1BE3E /* RecordsOverviewDateHeaderView.swift in Sources */ = {isa = PBXBuildFile; fileRef = 325EAB202052493300B1BE3E /* RecordsOverviewDateHeaderView.swift */; };
		325EAB2320524C5500B1BE3E /* RecordsOverviewTotalFooterView.swift in Sources */ = {isa = PBXBuildFile; fileRef = 325EAB2220524C5500B1BE3E /* RecordsOverviewTotalFooterView.swift */; };
		3266CEF720017E2C0016D5E6 /* UIColor+Hex.swift in Sources */ = {isa = PBXBuildFile; fileRef = 3266CEF620017E2C0016D5E6 /* UIColor+Hex.swift */; };
		327C5D7920817A81007EEF71 /* Debug.plist in Resources */ = {isa = PBXBuildFile; fileRef = 327C5D7820817A81007EEF71 /* Debug.plist */; };
		327C5D7B20817AD1007EEF71 /* Release.plist in Resources */ = {isa = PBXBuildFile; fileRef = 327C5D7A20817AD1007EEF71 /* Release.plist */; };
		327C5D7F2081845F007EEF71 /* Config.swift in Sources */ = {isa = PBXBuildFile; fileRef = 327C5D7E2081845F007EEF71 /* Config.swift */; };
		32892C4020352D1500F1AD9C /* FancyTextField.swift in Sources */ = {isa = PBXBuildFile; fileRef = 32892C3F20352D1500F1AD9C /* FancyTextField.swift */; };
		32892C4220352E9D00F1AD9C /* HighlightableView.swift in Sources */ = {isa = PBXBuildFile; fileRef = 32892C4120352E9D00F1AD9C /* HighlightableView.swift */; };
		32892C44203530C800F1AD9C /* Array+Safe.swift in Sources */ = {isa = PBXBuildFile; fileRef = 32892C43203530C800F1AD9C /* Array+Safe.swift */; };
		32AE416720253D5C0061EB64 /* RootNavigationController.swift in Sources */ = {isa = PBXBuildFile; fileRef = 32AE416620253D5C0061EB64 /* RootNavigationController.swift */; };
		32AE4169202553CF0061EB64 /* ProductTypeListViewController.swift in Sources */ = {isa = PBXBuildFile; fileRef = 32AE4168202553CF0061EB64 /* ProductTypeListViewController.swift */; };
		32AE416B202554AD0061EB64 /* RecordListViewController.swift in Sources */ = {isa = PBXBuildFile; fileRef = 32AE416A202554AD0061EB64 /* RecordListViewController.swift */; };
		32B3026A2050B8B5000F7F2A /* Colors.xcassets in Resources */ = {isa = PBXBuildFile; fileRef = 32B302692050B8B5000F7F2A /* Colors.xcassets */; };
		32B3026C2050E09B000F7F2A /* RecordsOverviewViewController.swift in Sources */ = {isa = PBXBuildFile; fileRef = 32B3026B2050E09B000F7F2A /* RecordsOverviewViewController.swift */; };
		32B36EB720371BC700DA4593 /* FakeNavBar.swift in Sources */ = {isa = PBXBuildFile; fileRef = 32B36EB620371BC700DA4593 /* FakeNavBar.swift */; };
		32B36EBD203BD2F000DA4593 /* UIButton+ConArtist.swift in Sources */ = {isa = PBXBuildFile; fileRef = 32B36EBC203BD2F000DA4593 /* UIButton+ConArtist.swift */; };
		32B36EBF203BD67800DA4593 /* UIView+Customizable.swift in Sources */ = {isa = PBXBuildFile; fileRef = 32B36EBE203BD67800DA4593 /* UIView+Customizable.swift */; };
		32B36EC1203BE0E600DA4593 /* ConventionExtraInfo.swift in Sources */ = {isa = PBXBuildFile; fileRef = 32B36EC0203BE0E600DA4593 /* ConventionExtraInfo.swift */; };
		32B36EC5203E5E7D00DA4593 /* UIView+Shadows.swift in Sources */ = {isa = PBXBuildFile; fileRef = 32B36EC4203E5E7D00DA4593 /* UIView+Shadows.swift */; };
		32B36EC7203E623B00DA4593 /* Base.swift in Sources */ = {isa = PBXBuildFile; fileRef = 32B36EC6203E623B00DA4593 /* Base.swift */; };
		32B36EC9203E7A5800DA4593 /* TableHeaderView.swift in Sources */ = {isa = PBXBuildFile; fileRef = 32B36EC8203E7A5800DA4593 /* TableHeaderView.swift */; };
		32B36ECB203F97EF00DA4593 /* SplashScreenViewController.swift in Sources */ = {isa = PBXBuildFile; fileRef = 32B36ECA203F97EF00DA4593 /* SplashScreenViewController.swift */; };
		32B36ECD203FB8DD00DA4593 /* ConventionExtraInfoTableViewCell.swift in Sources */ = {isa = PBXBuildFile; fileRef = 32B36ECC203FB8DD00DA4593 /* ConventionExtraInfoTableViewCell.swift */; };
		32B36ED62040F57000DA4593 /* Optional+Helpers.swift in Sources */ = {isa = PBXBuildFile; fileRef = 32B36ED52040F57000DA4593 /* Optional+Helpers.swift */; };
		32B36ED82041FF3200DA4593 /* NetworkImageView.swift in Sources */ = {isa = PBXBuildFile; fileRef = 32B36ED72041FF3200DA4593 /* NetworkImageView.swift */; };
		32B36EDB2041FFF100DA4593 /* API.swift in Sources */ = {isa = PBXBuildFile; fileRef = 32B36EDA2041FFF100DA4593 /* API.swift */; };
		32B36EDD2042010D00DA4593 /* Images.swift in Sources */ = {isa = PBXBuildFile; fileRef = 32B36EDC2042010D00DA4593 /* Images.swift */; };
		32B36EDF204202DB00DA4593 /* Keychain.swift in Sources */ = {isa = PBXBuildFile; fileRef = 32B36EDE204202DB00DA4593 /* Keychain.swift */; };
		32B36EE22042086500DA4593 /* Monad.swift in Sources */ = {isa = PBXBuildFile; fileRef = 32B36EE12042086500DA4593 /* Monad.swift */; };
		32B36EE4204226B100DA4593 /* ConventionUserInfo.swift in Sources */ = {isa = PBXBuildFile; fileRef = 32B36EE3204226B100DA4593 /* ConventionUserInfo.swift */; };
		32B9100F20439F75002F9C94 /* generate-schemas in Resources */ = {isa = PBXBuildFile; fileRef = 32B9100C20439F73002F9C94 /* generate-schemas */; };
		32B9101020439F75002F9C94 /* resources.json in Resources */ = {isa = PBXBuildFile; fileRef = 32B9100D20439F74002F9C94 /* resources.json */; };
		32B9101120439F75002F9C94 /* schema.json in Resources */ = {isa = PBXBuildFile; fileRef = 32B9100E20439F74002F9C94 /* schema.json */; };
		32B9101320439F97002F9C94 /* Resources.swift in Sources */ = {isa = PBXBuildFile; fileRef = 32B9101220439F97002F9C94 /* Resources.swift */; };
		32B910152043A0EB002F9C94 /* UIImage+Base64.swift in Sources */ = {isa = PBXBuildFile; fileRef = 32B910142043A0EB002F9C94 /* UIImage+Base64.swift */; };
		32B910172044F80B002F9C94 /* NewExpenseViewController.swift in Sources */ = {isa = PBXBuildFile; fileRef = 32B910162044F80B002F9C94 /* NewExpenseViewController.swift */; };
		32B910192047C821002F9C94 /* Settings.swift in Sources */ = {isa = PBXBuildFile; fileRef = 32B910182047C821002F9C94 /* Settings.swift */; };
		32B9101B2048F049002F9C94 /* SettingsSelectTableViewCell.swift in Sources */ = {isa = PBXBuildFile; fileRef = 32B9101A2048F049002F9C94 /* SettingsSelectTableViewCell.swift */; };
		32B9101D2048F113002F9C94 /* SettingsSelectViewController.swift in Sources */ = {isa = PBXBuildFile; fileRef = 32B9101C2048F113002F9C94 /* SettingsSelectViewController.swift */; };
		32B9101F2048F282002F9C94 /* SettingsSelectOptionTableViewCell.swift in Sources */ = {isa = PBXBuildFile; fileRef = 32B9101E2048F282002F9C94 /* SettingsSelectOptionTableViewCell.swift */; };
		32B91021204A3746002F9C94 /* RxNavigationController.swift in Sources */ = {isa = PBXBuildFile; fileRef = 32B91020204A3746002F9C94 /* RxNavigationController.swift */; };
		32B9102B204B32C4002F9C94 /* chevron_up.svg in Resources */ = {isa = PBXBuildFile; fileRef = 32B91028204B32C4002F9C94 /* chevron_up.svg */; };
		32B9102C204B32C4002F9C94 /* chevron_down.svg in Resources */ = {isa = PBXBuildFile; fileRef = 32B91029204B32C4002F9C94 /* chevron_down.svg */; };
		32B9102D204B32C4002F9C94 /* chevron_right.svg in Resources */ = {isa = PBXBuildFile; fileRef = 32B9102A204B32C4002F9C94 /* chevron_right.svg */; };
		32BC33DD1FEEED030006256A /* ProductListViewController.swift in Sources */ = {isa = PBXBuildFile; fileRef = 32BC33DC1FEEED030006256A /* ProductListViewController.swift */; };
		32BC33E21FEEF17E0006256A /* ProductType.swift in Sources */ = {isa = PBXBuildFile; fileRef = 32BC33E11FEEF17E0006256A /* ProductType.swift */; };
		32BC33E41FEEF1B80006256A /* Product.swift in Sources */ = {isa = PBXBuildFile; fileRef = 32BC33E31FEEF1B80006256A /* Product.swift */; };
		32BC33E61FEEF1E40006256A /* Record.swift in Sources */ = {isa = PBXBuildFile; fileRef = 32BC33E51FEEF1E40006256A /* Record.swift */; };
		32BC33E81FEEF2070006256A /* Expense.swift in Sources */ = {isa = PBXBuildFile; fileRef = 32BC33E71FEEF2070006256A /* Expense.swift */; };
		32BC33EA1FEEF2420006256A /* Price.swift in Sources */ = {isa = PBXBuildFile; fileRef = 32BC33E91FEEF2420006256A /* Price.swift */; };
		32C39C1C201E812D00071E26 /* ApolloClient+Rx.swift in Sources */ = {isa = PBXBuildFile; fileRef = 32C39C1B201E812D00071E26 /* ApolloClient+Rx.swift */; };
		32C39C1E201E870600071E26 /* UIView+Tooltip.swift in Sources */ = {isa = PBXBuildFile; fileRef = 32C39C1D201E870600071E26 /* UIView+Tooltip.swift */; };
		32C39C20201E99A100071E26 /* Sequence+Helpers.swift in Sources */ = {isa = PBXBuildFile; fileRef = 32C39C1F201E99A100071E26 /* Sequence+Helpers.swift */; };
		32C39C31201EA5B400071E26 /* RecordTableViewCell.swift in Sources */ = {isa = PBXBuildFile; fileRef = 32C39C2E201EA5B300071E26 /* RecordTableViewCell.swift */; };
		32C39C32201EA5B400071E26 /* ConventionTableViewCell.swift in Sources */ = {isa = PBXBuildFile; fileRef = 32C39C2F201EA5B300071E26 /* ConventionTableViewCell.swift */; };
		32C39C33201EA5B400071E26 /* ProductTypeTableViewCell.swift in Sources */ = {isa = PBXBuildFile; fileRef = 32C39C30201EA5B400071E26 /* ProductTypeTableViewCell.swift */; };
		32C39C36201EA66800071E26 /* ConventionDetailsViewController.swift in Sources */ = {isa = PBXBuildFile; fileRef = 32C39C35201EA66800071E26 /* ConventionDetailsViewController.swift */; };
		32C9F9B920264BE00004566E /* ProductTableViewCell.swift in Sources */ = {isa = PBXBuildFile; fileRef = 32C9F9B820264BE00004566E /* ProductTableViewCell.swift */; };
		32C9F9BE20265A840004566E /* Prices.swift in Sources */ = {isa = PBXBuildFile; fileRef = 32C9F9BD20265A840004566E /* Prices.swift */; };
		32CFB1D320DCAE4800672EC9 /* ViewControllerNavigation.swift in Sources */ = {isa = PBXBuildFile; fileRef = 32CFB1D220DCAE4800672EC9 /* ViewControllerNavigation.swift */; };
		32CFB1D520DCB0EB00672EC9 /* String+Attributes.swift in Sources */ = {isa = PBXBuildFile; fileRef = 32CFB1D420DCB0EB00672EC9 /* String+Attributes.swift */; };
		32CFB1D720DCB16300672EC9 /* Convention.storyboard in Resources */ = {isa = PBXBuildFile; fileRef = 32CFB1D620DCB16300672EC9 /* Convention.storyboard */; };
		32CFB1D920DCB20200672EC9 /* Settings.storyboard in Resources */ = {isa = PBXBuildFile; fileRef = 32CFB1D820DCB20200672EC9 /* Settings.storyboard */; };
		32CFB1DB20DCB23B00672EC9 /* Sale.storyboard in Resources */ = {isa = PBXBuildFile; fileRef = 32CFB1DA20DCB23B00672EC9 /* Sale.storyboard */; };
		32CFB1DD20DCB3C800672EC9 /* Main.storyboard in Resources */ = {isa = PBXBuildFile; fileRef = 32CFB1DC20DCB3C800672EC9 /* Main.storyboard */; };
		32CFB1DF20DCB7B900672EC9 /* MapKit.framework in Frameworks */ = {isa = PBXBuildFile; fileRef = 32CFB1DE20DCB7B900672EC9 /* MapKit.framework */; };
		32CFB1E120DCBABA00672EC9 /* Debug.swift in Sources */ = {isa = PBXBuildFile; fileRef = 32CFB1E020DCBABA00672EC9 /* Debug.swift */; };
		32CFB1E320DCBC5D00672EC9 /* Records.storyboard in Resources */ = {isa = PBXBuildFile; fileRef = 32CFB1E220DCBC5D00672EC9 /* Records.storyboard */; };
		32D45CB820A3F96200F7A67F /* Persist.swift in Sources */ = {isa = PBXBuildFile; fileRef = 32D45CB720A3F96200F7A67F /* Persist.swift */; };
		32D45CBA20A4A54400F7A67F /* Id.swift in Sources */ = {isa = PBXBuildFile; fileRef = 32D45CB920A4A54400F7A67F /* Id.swift */; };
		32D45CBC20A4DBC600F7A67F /* TimeZone+UTC.swift in Sources */ = {isa = PBXBuildFile; fileRef = 32D45CBB20A4DBC600F7A67F /* TimeZone+UTC.swift */; };
		32D4BB11205B3E5500B0A397 /* RecordDetailsOverlayViewController.swift in Sources */ = {isa = PBXBuildFile; fileRef = 32D4BB10205B3E5500B0A397 /* RecordDetailsOverlayViewController.swift */; };
		32D4BB13205B446600B0A397 /* RecordDetailsItemsTableViewCell.swift in Sources */ = {isa = PBXBuildFile; fileRef = 32D4BB12205B446600B0A397 /* RecordDetailsItemsTableViewCell.swift */; };
		32D4BB15205B44E000B0A397 /* RecordDetailsItemCollectionViewCell.swift in Sources */ = {isa = PBXBuildFile; fileRef = 32D4BB14205B44E000B0A397 /* RecordDetailsItemCollectionViewCell.swift */; };
		32D65DBA20BCFA5000F03BC2 /* AllConventionsListViewController.swift in Sources */ = {isa = PBXBuildFile; fileRef = 32D65DB920BCFA5000F03BC2 /* AllConventionsListViewController.swift */; };
		32DD973B205B803E0045DF41 /* SetAlgebra+Operators.swift in Sources */ = {isa = PBXBuildFile; fileRef = 32DD973A205B803E0045DF41 /* SetAlgebra+Operators.swift */; };
		32DFCF5720DDDD35007FFE70 /* MapViewController.swift in Sources */ = {isa = PBXBuildFile; fileRef = 32DFCF5620DDDD35007FFE70 /* MapViewController.swift */; };
		32DFCF5920DDE592007FFE70 /* Location.swift in Sources */ = {isa = PBXBuildFile; fileRef = 32DFCF5820DDE592007FFE70 /* Location.swift */; };
		32DFCF5B20DDE697007FFE70 /* URL.swift in Sources */ = {isa = PBXBuildFile; fileRef = 32DFCF5A20DDE697007FFE70 /* URL.swift */; };
		32E80BD4201700100008EC27 /* Money.swift in Sources */ = {isa = PBXBuildFile; fileRef = 32E80BD3201700100008EC27 /* Money.swift */; };
		32E80BD7201700EB0008EC27 /* String+Conversion.swift in Sources */ = {isa = PBXBuildFile; fileRef = 32E80BD6201700EB0008EC27 /* String+Conversion.swift */; };
		32EEC27520E031620016DFCA /* PrettyString+Styles.swift in Sources */ = {isa = PBXBuildFile; fileRef = 32EEC27420E031620016DFCA /* PrettyString+Styles.swift */; };
		32F12C0E20353E840045D0BC /* FancyButton.swift in Sources */ = {isa = PBXBuildFile; fileRef = 32F12C0D20353E840045D0BC /* FancyButton.swift */; };
		32F12C10203544E60045D0BC /* UIFont+Features.swift in Sources */ = {isa = PBXBuildFile; fileRef = 32F12C0F203544E60045D0BC /* UIFont+Features.swift */; };
		32F6F6441FF706AA00935554 /* Images.xcassets in Resources */ = {isa = PBXBuildFile; fileRef = 32F6F6431FF706AA00935554 /* Images.xcassets */; };
		C2E3ACC3210C151F27F71107 /* Pods_ConArtist.framework in Frameworks */ = {isa = PBXBuildFile; fileRef = BE8B039676510BCEC679764D /* Pods_ConArtist.framework */; };
/* End PBXBuildFile section */

/* Begin PBXFileReference section */
		320CF59720E7E6EF003F91EC /* Either.swift */ = {isa = PBXFileReference; lastKnownFileType = sourcecode.swift; path = Either.swift; sourceTree = "<group>"; };
		321B75D61F9BAD320055EBC4 /* ConArtist.app */ = {isa = PBXFileReference; explicitFileType = wrapper.application; includeInIndex = 0; path = ConArtist.app; sourceTree = BUILT_PRODUCTS_DIR; };
		321B75D91F9BAD320055EBC4 /* AppDelegate.swift */ = {isa = PBXFileReference; lastKnownFileType = sourcecode.swift; path = AppDelegate.swift; sourceTree = "<group>"; };
		321B75DB1F9BAD320055EBC4 /* SignInViewController.swift */ = {isa = PBXFileReference; lastKnownFileType = sourcecode.swift; path = SignInViewController.swift; sourceTree = "<group>"; };
		321B75DE1F9BAD320055EBC4 /* Base */ = {isa = PBXFileReference; lastKnownFileType = file.storyboard; name = Base; path = Base.lproj/SignIn.storyboard; sourceTree = "<group>"; };
		321B75E31F9BAD320055EBC4 /* Assets.xcassets */ = {isa = PBXFileReference; lastKnownFileType = folder.assetcatalog; path = Assets.xcassets; sourceTree = "<group>"; };
		321B75E61F9BAD320055EBC4 /* Base */ = {isa = PBXFileReference; lastKnownFileType = file.storyboard; name = Base; path = Base.lproj/LaunchScreen.storyboard; sourceTree = "<group>"; };
		321B75E81F9BAD320055EBC4 /* Info.plist */ = {isa = PBXFileReference; lastKnownFileType = text.plist.xml; path = Info.plist; sourceTree = "<group>"; };
		321F9006204F8CB700E2BA57 /* NewConventionUserInfoViewController.swift */ = {isa = PBXFileReference; lastKnownFileType = sourcecode.swift; path = NewConventionUserInfoViewController.swift; sourceTree = "<group>"; };
		321FDE7C20269AB0002DF04B /* SettingsViewController.swift */ = {isa = PBXFileReference; lastKnownFileType = sourcecode.swift; path = SettingsViewController.swift; sourceTree = "<group>"; };
		321FDE7F20269E43002DF04B /* SettingsBooleanTableViewCell.swift */ = {isa = PBXFileReference; lastKnownFileType = sourcecode.swift; path = SettingsBooleanTableViewCell.swift; sourceTree = "<group>"; };
		321FDE8120269E67002DF04B /* SettingsActionTableViewCell.swift */ = {isa = PBXFileReference; lastKnownFileType = sourcecode.swift; path = SettingsActionTableViewCell.swift; sourceTree = "<group>"; };
		321FDE832027D14B002DF04B /* Observable+Helpers.swift */ = {isa = PBXFileReference; lastKnownFileType = sourcecode.swift; path = "Observable+Helpers.swift"; sourceTree = "<group>"; };
		32254DDE205F4CDD003E021F /* ExpenseDetailsOverlayViewController.swift */ = {isa = PBXFileReference; lastKnownFileType = sourcecode.swift; path = ExpenseDetailsOverlayViewController.swift; sourceTree = "<group>"; };
		322AFB3E20574622005E56C8 /* String+JSON.swift */ = {isa = PBXFileReference; lastKnownFileType = sourcecode.swift; path = "String+JSON.swift"; sourceTree = "<group>"; };
		322AFB40205763C0005E56C8 /* String+Escape.swift */ = {isa = PBXFileReference; lastKnownFileType = sourcecode.swift; path = "String+Escape.swift"; sourceTree = "<group>"; };
		322AFB44205769DE005E56C8 /* Tuple.swift */ = {isa = PBXFileReference; lastKnownFileType = sourcecode.swift; path = Tuple.swift; sourceTree = "<group>"; };
		322C6A0A204CC2170021A2D9 /* localization */ = {isa = PBXFileReference; lastKnownFileType = folder; name = localization; path = ../../../shared/localization; sourceTree = "<group>"; };
		322C6A0C204CC2810021A2D9 /* String+Localization.swift */ = {isa = PBXFileReference; lastKnownFileType = sourcecode.swift; path = "String+Localization.swift"; sourceTree = "<group>"; };
		322C6A0E204CC8B40021A2D9 /* String+Display.swift */ = {isa = PBXFileReference; lastKnownFileType = sourcecode.swift; path = "String+Display.swift"; sourceTree = "<group>"; };
		322C6A12204E1D070021A2D9 /* ConventionUserInfoListViewController.swift */ = {isa = PBXFileReference; lastKnownFileType = sourcecode.swift; path = ConventionUserInfoListViewController.swift; sourceTree = "<group>"; };
		322C6A14204E20570021A2D9 /* ConventionUserInfoTableViewCell.swift */ = {isa = PBXFileReference; lastKnownFileType = sourcecode.swift; path = ConventionUserInfoTableViewCell.swift; sourceTree = "<group>"; };
		322C6A16204E231A0021A2D9 /* thumb_down.svg */ = {isa = PBXFileReference; fileEncoding = 4; lastKnownFileType = text; path = thumb_down.svg; sourceTree = "<group>"; };
		322C6A17204E231B0021A2D9 /* thumb_up.svg */ = {isa = PBXFileReference; fileEncoding = 4; lastKnownFileType = text; path = thumb_up.svg; sourceTree = "<group>"; };
		324592941FEAFA6000DE89BB /* ConArtist.swift */ = {isa = PBXFileReference; fileEncoding = 4; lastKnownFileType = sourcecode.swift; path = ConArtist.swift; sourceTree = "<group>"; };
		324592961FEAFEE000DE89BB /* ConRequest.swift */ = {isa = PBXFileReference; fileEncoding = 4; lastKnownFileType = sourcecode.swift; path = ConRequest.swift; sourceTree = "<group>"; };
		3245929B1FEB19DA00DE89BB /* GraphQL.swift */ = {isa = PBXFileReference; fileEncoding = 4; lastKnownFileType = sourcecode.swift; path = GraphQL.swift; sourceTree = "<group>"; };
		3245929F1FEB230600DE89BB /* Auth.swift */ = {isa = PBXFileReference; fileEncoding = 4; lastKnownFileType = sourcecode.swift; path = Auth.swift; sourceTree = "<group>"; };
		324592A11FEB4B4D00DE89BB /* ConventionListViewController.swift */ = {isa = PBXFileReference; fileEncoding = 4; lastKnownFileType = sourcecode.swift; path = ConventionListViewController.swift; sourceTree = "<group>"; };
		324592A91FEC2E7900DE89BB /* Model.swift */ = {isa = PBXFileReference; fileEncoding = 4; lastKnownFileType = sourcecode.swift; path = Model.swift; sourceTree = "<group>"; };
		324592AB1FEC2EA500DE89BB /* Convention.swift */ = {isa = PBXFileReference; fileEncoding = 4; lastKnownFileType = sourcecode.swift; path = Convention.swift; sourceTree = "<group>"; };
		324592AD1FEC314900DE89BB /* Date+Helpers.swift */ = {isa = PBXFileReference; fileEncoding = 4; lastKnownFileType = sourcecode.swift; path = "Date+Helpers.swift"; sourceTree = "<group>"; };
		325EAB1C205247E900B1BE3E /* RecordSummaryTableViewCell.swift */ = {isa = PBXFileReference; lastKnownFileType = sourcecode.swift; path = RecordSummaryTableViewCell.swift; sourceTree = "<group>"; };
		325EAB1E2052481200B1BE3E /* ExpenseTableViewCell.swift */ = {isa = PBXFileReference; lastKnownFileType = sourcecode.swift; path = ExpenseTableViewCell.swift; sourceTree = "<group>"; };
		325EAB202052493300B1BE3E /* RecordsOverviewDateHeaderView.swift */ = {isa = PBXFileReference; lastKnownFileType = sourcecode.swift; path = RecordsOverviewDateHeaderView.swift; sourceTree = "<group>"; };
		325EAB2220524C5500B1BE3E /* RecordsOverviewTotalFooterView.swift */ = {isa = PBXFileReference; lastKnownFileType = sourcecode.swift; path = RecordsOverviewTotalFooterView.swift; sourceTree = "<group>"; };
		3266CEF620017E2C0016D5E6 /* UIColor+Hex.swift */ = {isa = PBXFileReference; lastKnownFileType = sourcecode.swift; path = "UIColor+Hex.swift"; sourceTree = "<group>"; };
		327C5D7820817A81007EEF71 /* Debug.plist */ = {isa = PBXFileReference; lastKnownFileType = text.plist.xml; path = Debug.plist; sourceTree = "<group>"; };
		327C5D7A20817AD1007EEF71 /* Release.plist */ = {isa = PBXFileReference; lastKnownFileType = text.plist.xml; path = Release.plist; sourceTree = "<group>"; };
		327C5D7E2081845F007EEF71 /* Config.swift */ = {isa = PBXFileReference; lastKnownFileType = sourcecode.swift; path = Config.swift; sourceTree = "<group>"; };
		32892C3F20352D1500F1AD9C /* FancyTextField.swift */ = {isa = PBXFileReference; lastKnownFileType = sourcecode.swift; path = FancyTextField.swift; sourceTree = "<group>"; };
		32892C4120352E9D00F1AD9C /* HighlightableView.swift */ = {isa = PBXFileReference; lastKnownFileType = sourcecode.swift; path = HighlightableView.swift; sourceTree = "<group>"; };
		32892C43203530C800F1AD9C /* Array+Safe.swift */ = {isa = PBXFileReference; lastKnownFileType = sourcecode.swift; path = "Array+Safe.swift"; sourceTree = "<group>"; };
		32AE416620253D5C0061EB64 /* RootNavigationController.swift */ = {isa = PBXFileReference; lastKnownFileType = sourcecode.swift; path = RootNavigationController.swift; sourceTree = "<group>"; };
		32AE4168202553CF0061EB64 /* ProductTypeListViewController.swift */ = {isa = PBXFileReference; fileEncoding = 4; lastKnownFileType = sourcecode.swift; path = ProductTypeListViewController.swift; sourceTree = "<group>"; };
		32AE416A202554AD0061EB64 /* RecordListViewController.swift */ = {isa = PBXFileReference; fileEncoding = 4; lastKnownFileType = sourcecode.swift; path = RecordListViewController.swift; sourceTree = "<group>"; };
		32B302692050B8B5000F7F2A /* Colors.xcassets */ = {isa = PBXFileReference; lastKnownFileType = folder.assetcatalog; path = Colors.xcassets; sourceTree = "<group>"; };
		32B3026B2050E09B000F7F2A /* RecordsOverviewViewController.swift */ = {isa = PBXFileReference; lastKnownFileType = sourcecode.swift; path = RecordsOverviewViewController.swift; sourceTree = "<group>"; };
		32B36EB620371BC700DA4593 /* FakeNavBar.swift */ = {isa = PBXFileReference; lastKnownFileType = sourcecode.swift; path = FakeNavBar.swift; sourceTree = "<group>"; };
		32B36EBC203BD2F000DA4593 /* UIButton+ConArtist.swift */ = {isa = PBXFileReference; lastKnownFileType = sourcecode.swift; path = "UIButton+ConArtist.swift"; sourceTree = "<group>"; };
		32B36EBE203BD67800DA4593 /* UIView+Customizable.swift */ = {isa = PBXFileReference; lastKnownFileType = sourcecode.swift; path = "UIView+Customizable.swift"; sourceTree = "<group>"; };
		32B36EC0203BE0E600DA4593 /* ConventionExtraInfo.swift */ = {isa = PBXFileReference; lastKnownFileType = sourcecode.swift; path = ConventionExtraInfo.swift; sourceTree = "<group>"; };
		32B36EC4203E5E7D00DA4593 /* UIView+Shadows.swift */ = {isa = PBXFileReference; lastKnownFileType = sourcecode.swift; path = "UIView+Shadows.swift"; sourceTree = "<group>"; };
		32B36EC6203E623B00DA4593 /* Base.swift */ = {isa = PBXFileReference; lastKnownFileType = sourcecode.swift; path = Base.swift; sourceTree = "<group>"; };
		32B36EC8203E7A5800DA4593 /* TableHeaderView.swift */ = {isa = PBXFileReference; lastKnownFileType = sourcecode.swift; path = TableHeaderView.swift; sourceTree = "<group>"; };
		32B36ECA203F97EF00DA4593 /* SplashScreenViewController.swift */ = {isa = PBXFileReference; lastKnownFileType = sourcecode.swift; path = SplashScreenViewController.swift; sourceTree = "<group>"; };
		32B36ECC203FB8DD00DA4593 /* ConventionExtraInfoTableViewCell.swift */ = {isa = PBXFileReference; lastKnownFileType = sourcecode.swift; path = ConventionExtraInfoTableViewCell.swift; sourceTree = "<group>"; };
		32B36ED52040F57000DA4593 /* Optional+Helpers.swift */ = {isa = PBXFileReference; lastKnownFileType = sourcecode.swift; path = "Optional+Helpers.swift"; sourceTree = "<group>"; };
		32B36ED72041FF3200DA4593 /* NetworkImageView.swift */ = {isa = PBXFileReference; lastKnownFileType = sourcecode.swift; path = NetworkImageView.swift; sourceTree = "<group>"; };
		32B36EDA2041FFF100DA4593 /* API.swift */ = {isa = PBXFileReference; lastKnownFileType = sourcecode.swift; path = API.swift; sourceTree = "<group>"; };
		32B36EDC2042010D00DA4593 /* Images.swift */ = {isa = PBXFileReference; lastKnownFileType = sourcecode.swift; path = Images.swift; sourceTree = "<group>"; };
		32B36EDE204202DB00DA4593 /* Keychain.swift */ = {isa = PBXFileReference; lastKnownFileType = sourcecode.swift; path = Keychain.swift; sourceTree = "<group>"; };
		32B36EE12042086500DA4593 /* Monad.swift */ = {isa = PBXFileReference; lastKnownFileType = sourcecode.swift; path = Monad.swift; sourceTree = "<group>"; };
		32B36EE3204226B100DA4593 /* ConventionUserInfo.swift */ = {isa = PBXFileReference; lastKnownFileType = sourcecode.swift; path = ConventionUserInfo.swift; sourceTree = "<group>"; };
		32B9100C20439F73002F9C94 /* generate-schemas */ = {isa = PBXFileReference; fileEncoding = 4; lastKnownFileType = text.script.sh; path = "generate-schemas"; sourceTree = "<group>"; };
		32B9100D20439F74002F9C94 /* resources.json */ = {isa = PBXFileReference; fileEncoding = 4; lastKnownFileType = text.json; path = resources.json; sourceTree = "<group>"; };
		32B9100E20439F74002F9C94 /* schema.json */ = {isa = PBXFileReference; fileEncoding = 4; lastKnownFileType = text.json; path = schema.json; sourceTree = "<group>"; };
		32B9101220439F97002F9C94 /* Resources.swift */ = {isa = PBXFileReference; fileEncoding = 4; lastKnownFileType = sourcecode.swift; path = Resources.swift; sourceTree = "<group>"; };
		32B910142043A0EB002F9C94 /* UIImage+Base64.swift */ = {isa = PBXFileReference; lastKnownFileType = sourcecode.swift; path = "UIImage+Base64.swift"; sourceTree = "<group>"; };
		32B910162044F80B002F9C94 /* NewExpenseViewController.swift */ = {isa = PBXFileReference; lastKnownFileType = sourcecode.swift; path = NewExpenseViewController.swift; sourceTree = "<group>"; };
		32B910182047C821002F9C94 /* Settings.swift */ = {isa = PBXFileReference; lastKnownFileType = sourcecode.swift; path = Settings.swift; sourceTree = "<group>"; };
		32B9101A2048F049002F9C94 /* SettingsSelectTableViewCell.swift */ = {isa = PBXFileReference; lastKnownFileType = sourcecode.swift; path = SettingsSelectTableViewCell.swift; sourceTree = "<group>"; };
		32B9101C2048F113002F9C94 /* SettingsSelectViewController.swift */ = {isa = PBXFileReference; lastKnownFileType = sourcecode.swift; path = SettingsSelectViewController.swift; sourceTree = "<group>"; };
		32B9101E2048F282002F9C94 /* SettingsSelectOptionTableViewCell.swift */ = {isa = PBXFileReference; lastKnownFileType = sourcecode.swift; path = SettingsSelectOptionTableViewCell.swift; sourceTree = "<group>"; };
		32B91020204A3746002F9C94 /* RxNavigationController.swift */ = {isa = PBXFileReference; lastKnownFileType = sourcecode.swift; path = RxNavigationController.swift; sourceTree = "<group>"; };
		32B91028204B32C4002F9C94 /* chevron_up.svg */ = {isa = PBXFileReference; fileEncoding = 4; lastKnownFileType = text; path = chevron_up.svg; sourceTree = "<group>"; };
		32B91029204B32C4002F9C94 /* chevron_down.svg */ = {isa = PBXFileReference; fileEncoding = 4; lastKnownFileType = text; path = chevron_down.svg; sourceTree = "<group>"; };
		32B9102A204B32C4002F9C94 /* chevron_right.svg */ = {isa = PBXFileReference; fileEncoding = 4; lastKnownFileType = text; path = chevron_right.svg; sourceTree = "<group>"; };
		32BC33DC1FEEED030006256A /* ProductListViewController.swift */ = {isa = PBXFileReference; fileEncoding = 4; lastKnownFileType = sourcecode.swift; path = ProductListViewController.swift; sourceTree = "<group>"; };
		32BC33E11FEEF17E0006256A /* ProductType.swift */ = {isa = PBXFileReference; fileEncoding = 4; lastKnownFileType = sourcecode.swift; path = ProductType.swift; sourceTree = "<group>"; };
		32BC33E31FEEF1B80006256A /* Product.swift */ = {isa = PBXFileReference; fileEncoding = 4; lastKnownFileType = sourcecode.swift; path = Product.swift; sourceTree = "<group>"; };
		32BC33E51FEEF1E40006256A /* Record.swift */ = {isa = PBXFileReference; fileEncoding = 4; lastKnownFileType = sourcecode.swift; path = Record.swift; sourceTree = "<group>"; };
		32BC33E71FEEF2070006256A /* Expense.swift */ = {isa = PBXFileReference; fileEncoding = 4; lastKnownFileType = sourcecode.swift; path = Expense.swift; sourceTree = "<group>"; };
		32BC33E91FEEF2420006256A /* Price.swift */ = {isa = PBXFileReference; fileEncoding = 4; lastKnownFileType = sourcecode.swift; path = Price.swift; sourceTree = "<group>"; };
		32C39C1B201E812D00071E26 /* ApolloClient+Rx.swift */ = {isa = PBXFileReference; lastKnownFileType = sourcecode.swift; path = "ApolloClient+Rx.swift"; sourceTree = "<group>"; };
		32C39C1D201E870600071E26 /* UIView+Tooltip.swift */ = {isa = PBXFileReference; lastKnownFileType = sourcecode.swift; path = "UIView+Tooltip.swift"; sourceTree = "<group>"; };
		32C39C1F201E99A100071E26 /* Sequence+Helpers.swift */ = {isa = PBXFileReference; lastKnownFileType = sourcecode.swift; path = "Sequence+Helpers.swift"; sourceTree = "<group>"; };
		32C39C2E201EA5B300071E26 /* RecordTableViewCell.swift */ = {isa = PBXFileReference; fileEncoding = 4; lastKnownFileType = sourcecode.swift; path = RecordTableViewCell.swift; sourceTree = "<group>"; };
		32C39C2F201EA5B300071E26 /* ConventionTableViewCell.swift */ = {isa = PBXFileReference; fileEncoding = 4; lastKnownFileType = sourcecode.swift; path = ConventionTableViewCell.swift; sourceTree = "<group>"; };
		32C39C30201EA5B400071E26 /* ProductTypeTableViewCell.swift */ = {isa = PBXFileReference; fileEncoding = 4; lastKnownFileType = sourcecode.swift; path = ProductTypeTableViewCell.swift; sourceTree = "<group>"; };
		32C39C35201EA66800071E26 /* ConventionDetailsViewController.swift */ = {isa = PBXFileReference; lastKnownFileType = sourcecode.swift; path = ConventionDetailsViewController.swift; sourceTree = "<group>"; };
		32C9F9B820264BE00004566E /* ProductTableViewCell.swift */ = {isa = PBXFileReference; lastKnownFileType = sourcecode.swift; path = ProductTableViewCell.swift; sourceTree = "<group>"; };
		32C9F9BD20265A840004566E /* Prices.swift */ = {isa = PBXFileReference; lastKnownFileType = sourcecode.swift; path = Prices.swift; sourceTree = "<group>"; };
		32CFB1D220DCAE4800672EC9 /* ViewControllerNavigation.swift */ = {isa = PBXFileReference; lastKnownFileType = sourcecode.swift; path = ViewControllerNavigation.swift; sourceTree = "<group>"; };
		32CFB1D420DCB0EB00672EC9 /* String+Attributes.swift */ = {isa = PBXFileReference; fileEncoding = 4; lastKnownFileType = sourcecode.swift; path = "String+Attributes.swift"; sourceTree = "<group>"; };
		32CFB1D620DCB16300672EC9 /* Convention.storyboard */ = {isa = PBXFileReference; lastKnownFileType = file.storyboard; path = Convention.storyboard; sourceTree = "<group>"; };
		32CFB1D820DCB20200672EC9 /* Settings.storyboard */ = {isa = PBXFileReference; lastKnownFileType = file.storyboard; path = Settings.storyboard; sourceTree = "<group>"; };
		32CFB1DA20DCB23B00672EC9 /* Sale.storyboard */ = {isa = PBXFileReference; lastKnownFileType = file.storyboard; path = Sale.storyboard; sourceTree = "<group>"; };
		32CFB1DC20DCB3C800672EC9 /* Main.storyboard */ = {isa = PBXFileReference; lastKnownFileType = file.storyboard; path = Main.storyboard; sourceTree = "<group>"; };
		32CFB1DE20DCB7B900672EC9 /* MapKit.framework */ = {isa = PBXFileReference; lastKnownFileType = wrapper.framework; name = MapKit.framework; path = System/Library/Frameworks/MapKit.framework; sourceTree = SDKROOT; };
		32CFB1E020DCBABA00672EC9 /* Debug.swift */ = {isa = PBXFileReference; lastKnownFileType = sourcecode.swift; path = Debug.swift; sourceTree = "<group>"; };
		32CFB1E220DCBC5D00672EC9 /* Records.storyboard */ = {isa = PBXFileReference; lastKnownFileType = file.storyboard; path = Records.storyboard; sourceTree = "<group>"; };
		32D45CB720A3F96200F7A67F /* Persist.swift */ = {isa = PBXFileReference; lastKnownFileType = sourcecode.swift; path = Persist.swift; sourceTree = "<group>"; };
		32D45CB920A4A54400F7A67F /* Id.swift */ = {isa = PBXFileReference; lastKnownFileType = sourcecode.swift; path = Id.swift; sourceTree = "<group>"; };
		32D45CBB20A4DBC600F7A67F /* TimeZone+UTC.swift */ = {isa = PBXFileReference; lastKnownFileType = sourcecode.swift; path = "TimeZone+UTC.swift"; sourceTree = "<group>"; };
		32D4BB10205B3E5500B0A397 /* RecordDetailsOverlayViewController.swift */ = {isa = PBXFileReference; lastKnownFileType = sourcecode.swift; path = RecordDetailsOverlayViewController.swift; sourceTree = "<group>"; };
		32D4BB12205B446600B0A397 /* RecordDetailsItemsTableViewCell.swift */ = {isa = PBXFileReference; lastKnownFileType = sourcecode.swift; path = RecordDetailsItemsTableViewCell.swift; sourceTree = "<group>"; };
		32D4BB14205B44E000B0A397 /* RecordDetailsItemCollectionViewCell.swift */ = {isa = PBXFileReference; lastKnownFileType = sourcecode.swift; path = RecordDetailsItemCollectionViewCell.swift; sourceTree = "<group>"; };
		32D65DB920BCFA5000F03BC2 /* AllConventionsListViewController.swift */ = {isa = PBXFileReference; lastKnownFileType = sourcecode.swift; path = AllConventionsListViewController.swift; sourceTree = "<group>"; };
		32DD973A205B803E0045DF41 /* SetAlgebra+Operators.swift */ = {isa = PBXFileReference; lastKnownFileType = sourcecode.swift; path = "SetAlgebra+Operators.swift"; sourceTree = "<group>"; };
		32DFCF5620DDDD35007FFE70 /* MapViewController.swift */ = {isa = PBXFileReference; lastKnownFileType = sourcecode.swift; path = MapViewController.swift; sourceTree = "<group>"; };
		32DFCF5820DDE592007FFE70 /* Location.swift */ = {isa = PBXFileReference; lastKnownFileType = sourcecode.swift; path = Location.swift; sourceTree = "<group>"; };
		32DFCF5A20DDE697007FFE70 /* URL.swift */ = {isa = PBXFileReference; lastKnownFileType = sourcecode.swift; path = URL.swift; sourceTree = "<group>"; };
		32E80BD3201700100008EC27 /* Money.swift */ = {isa = PBXFileReference; lastKnownFileType = sourcecode.swift; path = Money.swift; sourceTree = "<group>"; };
		32E80BD6201700EB0008EC27 /* String+Conversion.swift */ = {isa = PBXFileReference; fileEncoding = 4; lastKnownFileType = sourcecode.swift; path = "String+Conversion.swift"; sourceTree = "<group>"; };
		32EEC27420E031620016DFCA /* PrettyString+Styles.swift */ = {isa = PBXFileReference; lastKnownFileType = sourcecode.swift; path = "PrettyString+Styles.swift"; sourceTree = "<group>"; };
		32F12C0D20353E840045D0BC /* FancyButton.swift */ = {isa = PBXFileReference; lastKnownFileType = sourcecode.swift; path = FancyButton.swift; sourceTree = "<group>"; };
		32F12C0F203544E60045D0BC /* UIFont+Features.swift */ = {isa = PBXFileReference; lastKnownFileType = sourcecode.swift; path = "UIFont+Features.swift"; sourceTree = "<group>"; };
		32F6F6431FF706AA00935554 /* Images.xcassets */ = {isa = PBXFileReference; lastKnownFileType = folder.assetcatalog; path = Images.xcassets; sourceTree = "<group>"; };
		910953E2D95714FA5C58D57C /* Pods-ConArtist.debug.xcconfig */ = {isa = PBXFileReference; includeInIndex = 1; lastKnownFileType = text.xcconfig; name = "Pods-ConArtist.debug.xcconfig"; path = "Pods/Target Support Files/Pods-ConArtist/Pods-ConArtist.debug.xcconfig"; sourceTree = "<group>"; };
		BE8B039676510BCEC679764D /* Pods_ConArtist.framework */ = {isa = PBXFileReference; explicitFileType = wrapper.framework; includeInIndex = 0; path = Pods_ConArtist.framework; sourceTree = BUILT_PRODUCTS_DIR; };
		C2AA33475894D324CF81CCB2 /* Pods-ConArtist.release.xcconfig */ = {isa = PBXFileReference; includeInIndex = 1; lastKnownFileType = text.xcconfig; name = "Pods-ConArtist.release.xcconfig"; path = "Pods/Target Support Files/Pods-ConArtist/Pods-ConArtist.release.xcconfig"; sourceTree = "<group>"; };
/* End PBXFileReference section */

/* Begin PBXFrameworksBuildPhase section */
		321B75D31F9BAD320055EBC4 /* Frameworks */ = {
			isa = PBXFrameworksBuildPhase;
			buildActionMask = 2147483647;
			files = (
				32CFB1DF20DCB7B900672EC9 /* MapKit.framework in Frameworks */,
				C2E3ACC3210C151F27F71107 /* Pods_ConArtist.framework in Frameworks */,
			);
			runOnlyForDeploymentPostprocessing = 0;
		};
/* End PBXFrameworksBuildPhase section */

/* Begin PBXGroup section */
		321B75CD1F9BAD320055EBC4 = {
			isa = PBXGroup;
			children = (
				321B75D81F9BAD320055EBC4 /* ConArtist */,
				321B75D71F9BAD320055EBC4 /* Products */,
				9705F5900542E6A817EB42D0 /* Pods */,
				4FB42CF41256E760A79587D8 /* Frameworks */,
			);
			sourceTree = "<group>";
		};
		321B75D71F9BAD320055EBC4 /* Products */ = {
			isa = PBXGroup;
			children = (
				321B75D61F9BAD320055EBC4 /* ConArtist.app */,
			);
			name = Products;
			sourceTree = "<group>";
		};
		321B75D81F9BAD320055EBC4 /* ConArtist */ = {
			isa = PBXGroup;
			children = (
				327C5D77208179D7007EEF71 /* Config */,
				321B75E81F9BAD320055EBC4 /* Info.plist */,
				32B9100C20439F73002F9C94 /* generate-schemas */,
				32B9100D20439F74002F9C94 /* resources.json */,
				32B9100E20439F74002F9C94 /* schema.json */,
				321B75D91F9BAD320055EBC4 /* AppDelegate.swift */,
				32B91025204B14A3002F9C94 /* Navigation */,
				32B36ED92041FFD600DA4593 /* Services */,
				32892C3E20352CFB00F1AD9C /* Components */,
				32C39C37201EA9E400071E26 /* Model */,
				32C39C25201EA52800071E26 /* Scenes */,
				32C39C24201EA4F600071E26 /* Util */,
				32B91026204B3278002F9C94 /* Resources */,
				32B36ED42040E47E00DA4593 /* Storyboard */,
			);
			path = ConArtist;
			sourceTree = "<group>";
		};
		327C5D77208179D7007EEF71 /* Config */ = {
			isa = PBXGroup;
			children = (
				327C5D7820817A81007EEF71 /* Debug.plist */,
				327C5D7A20817AD1007EEF71 /* Release.plist */,
			);
			path = Config;
			sourceTree = "<group>";
		};
		32892C3E20352CFB00F1AD9C /* Components */ = {
			isa = PBXGroup;
			children = (
				32B36EB620371BC700DA4593 /* FakeNavBar.swift */,
				32F12C0D20353E840045D0BC /* FancyButton.swift */,
				32892C3F20352D1500F1AD9C /* FancyTextField.swift */,
				32892C4120352E9D00F1AD9C /* HighlightableView.swift */,
				32B36ED72041FF3200DA4593 /* NetworkImageView.swift */,
				32B36EC8203E7A5800DA4593 /* TableHeaderView.swift */,
			);
			path = Components;
			sourceTree = "<group>";
		};
		32B36ECF203FB91000DA4593 /* Convention Details */ = {
			isa = PBXGroup;
			children = (
				32C39C35201EA66800071E26 /* ConventionDetailsViewController.swift */,
				32B36ECC203FB8DD00DA4593 /* ConventionExtraInfoTableViewCell.swift */,
				322C6A12204E1D070021A2D9 /* ConventionUserInfoListViewController.swift */,
				322C6A14204E20570021A2D9 /* ConventionUserInfoTableViewCell.swift */,
				321F9006204F8CB700E2BA57 /* NewConventionUserInfoViewController.swift */,
				32DFCF5620DDDD35007FFE70 /* MapViewController.swift */,
			);
			path = "Convention Details";
			sourceTree = "<group>";
		};
		32B36ED32040E37300DA4593 /* Settings */ = {
			isa = PBXGroup;
			children = (
				321FDE7F20269E43002DF04B /* SettingsBooleanTableViewCell.swift */,
				32B9101A2048F049002F9C94 /* SettingsSelectTableViewCell.swift */,
				321FDE8120269E67002DF04B /* SettingsActionTableViewCell.swift */,
				321FDE7C20269AB0002DF04B /* SettingsViewController.swift */,
				32B9101E2048F282002F9C94 /* SettingsSelectOptionTableViewCell.swift */,
				32B9101C2048F113002F9C94 /* SettingsSelectViewController.swift */,
			);
			path = Settings;
			sourceTree = "<group>";
		};
		32B36ED42040E47E00DA4593 /* Storyboard */ = {
			isa = PBXGroup;
			children = (
				321B75E51F9BAD320055EBC4 /* LaunchScreen.storyboard */,
				321B75DD1F9BAD320055EBC4 /* SignIn.storyboard */,
				32CFB1DC20DCB3C800672EC9 /* Main.storyboard */,
				32CFB1D620DCB16300672EC9 /* Convention.storyboard */,
				32CFB1D820DCB20200672EC9 /* Settings.storyboard */,
				32CFB1DA20DCB23B00672EC9 /* Sale.storyboard */,
				32CFB1E220DCBC5D00672EC9 /* Records.storyboard */,
			);
			path = Storyboard;
			sourceTree = "<group>";
		};
		32B36ED92041FFD600DA4593 /* Services */ = {
			isa = PBXGroup;
			children = (
				32C39C38201EA9F800071E26 /* API */,
				324592941FEAFA6000DE89BB /* ConArtist.swift */,
				32DFCF5A20DDE697007FFE70 /* URL.swift */,
				32B36EDE204202DB00DA4593 /* Keychain.swift */,
				32D45CB720A3F96200F7A67F /* Persist.swift */,
				327C5D7E2081845F007EEF71 /* Config.swift */,
			);
			path = Services;
			sourceTree = "<group>";
		};
		32B36EE02042085400DA4593 /* Functional */ = {
			isa = PBXGroup;
			children = (
				32B36EC6203E623B00DA4593 /* Base.swift */,
				32B36EE12042086500DA4593 /* Monad.swift */,
			);
			path = Functional;
			sourceTree = "<group>";
		};
		32B91022204B1461002F9C94 /* New Sale */ = {
			isa = PBXGroup;
			children = (
				32BC33DC1FEEED030006256A /* ProductListViewController.swift */,
				32C9F9B820264BE00004566E /* ProductTableViewCell.swift */,
				32AE4168202553CF0061EB64 /* ProductTypeListViewController.swift */,
				32C39C30201EA5B400071E26 /* ProductTypeTableViewCell.swift */,
			);
			path = "New Sale";
			sourceTree = "<group>";
		};
		32B91023204B1470002F9C94 /* New Expense */ = {
			isa = PBXGroup;
			children = (
				32B910162044F80B002F9C94 /* NewExpenseViewController.swift */,
			);
			path = "New Expense";
			sourceTree = "<group>";
		};
		32B91024204B1484002F9C94 /* Record List */ = {
			isa = PBXGroup;
			children = (
				32D4BB0F205B3E4400B0A397 /* Overlays */,
				32C39C2E201EA5B300071E26 /* RecordTableViewCell.swift */,
				32AE416A202554AD0061EB64 /* RecordListViewController.swift */,
				32B3026B2050E09B000F7F2A /* RecordsOverviewViewController.swift */,
				325EAB1C205247E900B1BE3E /* RecordSummaryTableViewCell.swift */,
				325EAB1E2052481200B1BE3E /* ExpenseTableViewCell.swift */,
				325EAB202052493300B1BE3E /* RecordsOverviewDateHeaderView.swift */,
				325EAB2220524C5500B1BE3E /* RecordsOverviewTotalFooterView.swift */,
			);
			path = "Record List";
			sourceTree = "<group>";
		};
		32B91025204B14A3002F9C94 /* Navigation */ = {
			isa = PBXGroup;
			children = (
				32AE416620253D5C0061EB64 /* RootNavigationController.swift */,
				32B91020204A3746002F9C94 /* RxNavigationController.swift */,
			);
			path = Navigation;
			sourceTree = "<group>";
		};
		32B91026204B3278002F9C94 /* Resources */ = {
			isa = PBXGroup;
			children = (
				321B75E31F9BAD320055EBC4 /* Assets.xcassets */,
				32B302692050B8B5000F7F2A /* Colors.xcassets */,
				32F6F6431FF706AA00935554 /* Images.xcassets */,
				322C6A0A204CC2170021A2D9 /* localization */,
			);
			path = Resources;
			sourceTree = "<group>";
		};
		32B91027204B3289002F9C94 /* SVG */ = {
			isa = PBXGroup;
			children = (
				322C6A16204E231A0021A2D9 /* thumb_down.svg */,
				322C6A17204E231B0021A2D9 /* thumb_up.svg */,
				32B91029204B32C4002F9C94 /* chevron_down.svg */,
				32B9102A204B32C4002F9C94 /* chevron_right.svg */,
				32B91028204B32C4002F9C94 /* chevron_up.svg */,
			);
			path = SVG;
			sourceTree = "<group>";
		};
		32C39C24201EA4F600071E26 /* Util */ = {
			isa = PBXGroup;
			children = (
				32B36EE02042085400DA4593 /* Functional */,
				32CFB1E020DCBABA00672EC9 /* Debug.swift */,
				32C39C1B201E812D00071E26 /* ApolloClient+Rx.swift */,
				32892C43203530C800F1AD9C /* Array+Safe.swift */,
				324592AD1FEC314900DE89BB /* Date+Helpers.swift */,
				321FDE832027D14B002DF04B /* Observable+Helpers.swift */,
				32B36ED52040F57000DA4593 /* Optional+Helpers.swift */,
				32C39C1F201E99A100071E26 /* Sequence+Helpers.swift */,
				32CFB1D420DCB0EB00672EC9 /* String+Attributes.swift */,
				322C6A0E204CC8B40021A2D9 /* String+Display.swift */,
				322AFB40205763C0005E56C8 /* String+Escape.swift */,
				322AFB3E20574622005E56C8 /* String+JSON.swift */,
				32D45CBB20A4DBC600F7A67F /* TimeZone+UTC.swift */,
				322C6A0C204CC2810021A2D9 /* String+Localization.swift */,
				32EEC27420E031620016DFCA /* PrettyString+Styles.swift */,
				32E80BD6201700EB0008EC27 /* String+Conversion.swift */,
				322AFB44205769DE005E56C8 /* Tuple.swift */,
				32B36EBC203BD2F000DA4593 /* UIButton+ConArtist.swift */,
				3266CEF620017E2C0016D5E6 /* UIColor+Hex.swift */,
				32F12C0F203544E60045D0BC /* UIFont+Features.swift */,
				32B910142043A0EB002F9C94 /* UIImage+Base64.swift */,
				32B36EBE203BD67800DA4593 /* UIView+Customizable.swift */,
				32B36EC4203E5E7D00DA4593 /* UIView+Shadows.swift */,
				32C39C1D201E870600071E26 /* UIView+Tooltip.swift */,
				32DD973A205B803E0045DF41 /* SetAlgebra+Operators.swift */,
				32CFB1D220DCAE4800672EC9 /* ViewControllerNavigation.swift */,
				32B91027204B3289002F9C94 /* SVG */,
			);
			path = Util;
			sourceTree = "<group>";
		};
		32C39C25201EA52800071E26 /* Scenes */ = {
			isa = PBXGroup;
			children = (
				32B36ECF203FB91000DA4593 /* Convention Details */,
				32F0B41420425D8500ADF209 /* Convention List */,
				32B91023204B1470002F9C94 /* New Expense */,
				32B91022204B1461002F9C94 /* New Sale */,
				32B91024204B1484002F9C94 /* Record List */,
				32B36ED32040E37300DA4593 /* Settings */,
				321B75DB1F9BAD320055EBC4 /* SignInViewController.swift */,
				32B36ECA203F97EF00DA4593 /* SplashScreenViewController.swift */,
			);
			path = Scenes;
			sourceTree = "<group>";
		};
		32C39C37201EA9E400071E26 /* Model */ = {
			isa = PBXGroup;
			children = (
				324592961FEAFEE000DE89BB /* ConRequest.swift */,
				324592AB1FEC2EA500DE89BB /* Convention.swift */,
				32B36EE3204226B100DA4593 /* ConventionUserInfo.swift */,
				32B36EC0203BE0E600DA4593 /* ConventionExtraInfo.swift */,
				32BC33E71FEEF2070006256A /* Expense.swift */,
				320CF59720E7E6EF003F91EC /* Either.swift */,
				324592A91FEC2E7900DE89BB /* Model.swift */,
				32E80BD3201700100008EC27 /* Money.swift */,
				32BC33E91FEEF2420006256A /* Price.swift */,
				32C9F9BD20265A840004566E /* Prices.swift */,
				32BC33E31FEEF1B80006256A /* Product.swift */,
				32BC33E11FEEF17E0006256A /* ProductType.swift */,
				32BC33E51FEEF1E40006256A /* Record.swift */,
				32B910182047C821002F9C94 /* Settings.swift */,
				32D45CB920A4A54400F7A67F /* Id.swift */,
				32DFCF5820DDE592007FFE70 /* Location.swift */,
			);
			path = Model;
			sourceTree = "<group>";
		};
		32C39C38201EA9F800071E26 /* API */ = {
			isa = PBXGroup;
			children = (
				32B36EDA2041FFF100DA4593 /* API.swift */,
				3245929F1FEB230600DE89BB /* Auth.swift */,
				3245929B1FEB19DA00DE89BB /* GraphQL.swift */,
				32B36EDC2042010D00DA4593 /* Images.swift */,
				32B9101220439F97002F9C94 /* Resources.swift */,
			);
			path = API;
			sourceTree = "<group>";
		};
		32D4BB0F205B3E4400B0A397 /* Overlays */ = {
			isa = PBXGroup;
			children = (
				32D4BB10205B3E5500B0A397 /* RecordDetailsOverlayViewController.swift */,
				32D4BB12205B446600B0A397 /* RecordDetailsItemsTableViewCell.swift */,
				32D4BB14205B44E000B0A397 /* RecordDetailsItemCollectionViewCell.swift */,
				32254DDE205F4CDD003E021F /* ExpenseDetailsOverlayViewController.swift */,
			);
			path = Overlays;
			sourceTree = "<group>";
		};
		32F0B41420425D8500ADF209 /* Convention List */ = {
			isa = PBXGroup;
			children = (
				324592A11FEB4B4D00DE89BB /* ConventionListViewController.swift */,
				32C39C2F201EA5B300071E26 /* ConventionTableViewCell.swift */,
				32D65DB920BCFA5000F03BC2 /* AllConventionsListViewController.swift */,
			);
			path = "Convention List";
			sourceTree = "<group>";
		};
		4FB42CF41256E760A79587D8 /* Frameworks */ = {
			isa = PBXGroup;
			children = (
				32CFB1DE20DCB7B900672EC9 /* MapKit.framework */,
				BE8B039676510BCEC679764D /* Pods_ConArtist.framework */,
			);
			name = Frameworks;
			sourceTree = "<group>";
		};
		9705F5900542E6A817EB42D0 /* Pods */ = {
			isa = PBXGroup;
			children = (
				910953E2D95714FA5C58D57C /* Pods-ConArtist.debug.xcconfig */,
				C2AA33475894D324CF81CCB2 /* Pods-ConArtist.release.xcconfig */,
			);
			name = Pods;
			sourceTree = "<group>";
		};
/* End PBXGroup section */

/* Begin PBXNativeTarget section */
		321B75D51F9BAD320055EBC4 /* ConArtist */ = {
			isa = PBXNativeTarget;
			buildConfigurationList = 321B75F61F9BAD320055EBC4 /* Build configuration list for PBXNativeTarget "ConArtist" */;
			buildPhases = (
				D62396CD3173BAAF148F6055 /* [CP] Check Pods Manifest.lock */,
				324592981FEAFFB000DE89BB /* Generate Apollo GraphQL API */,
				321B75D21F9BAD320055EBC4 /* Sources */,
				321B75D31F9BAD320055EBC4 /* Frameworks */,
				321B75D41F9BAD320055EBC4 /* Resources */,
				327C5D7D20818371007EEF71 /* Copy Configuration Files */,
				693BFD9862FF5ADE35690E83 /* [CP] Embed Pods Frameworks */,
			);
			buildRules = (
			);
			dependencies = (
			);
			name = ConArtist;
			productName = ConArtist;
			productReference = 321B75D61F9BAD320055EBC4 /* ConArtist.app */;
			productType = "com.apple.product-type.application";
		};
/* End PBXNativeTarget section */

/* Begin PBXProject section */
		321B75CE1F9BAD320055EBC4 /* Project object */ = {
			isa = PBXProject;
			attributes = {
				LastSwiftUpdateCheck = 0830;
				LastUpgradeCheck = 0920;
				ORGANIZATIONNAME = "Cameron Eldridge";
				TargetAttributes = {
					321B75D51F9BAD320055EBC4 = {
						CreatedOnToolsVersion = 8.3.3;
						DevelopmentTeam = KT5TYPEMWT;
						LastSwiftMigration = 0920;
						ProvisioningStyle = Automatic;
						SystemCapabilities = {
							com.apple.Maps.iOS = {
								enabled = 1;
							};
						};
					};
				};
			};
			buildConfigurationList = 321B75D11F9BAD320055EBC4 /* Build configuration list for PBXProject "ConArtist" */;
			compatibilityVersion = "Xcode 3.2";
			developmentRegion = English;
			hasScannedForEncodings = 0;
			knownRegions = (
				en,
				Base,
			);
			mainGroup = 321B75CD1F9BAD320055EBC4;
			productRefGroup = 321B75D71F9BAD320055EBC4 /* Products */;
			projectDirPath = "";
			projectRoot = "";
			targets = (
				321B75D51F9BAD320055EBC4 /* ConArtist */,
			);
		};
/* End PBXProject section */

/* Begin PBXResourcesBuildPhase section */
		321B75D41F9BAD320055EBC4 /* Resources */ = {
			isa = PBXResourcesBuildPhase;
			buildActionMask = 2147483647;
			files = (
				32B9101120439F75002F9C94 /* schema.json in Resources */,
				327C5D7920817A81007EEF71 /* Debug.plist in Resources */,
				32B9102D204B32C4002F9C94 /* chevron_right.svg in Resources */,
				321B75E71F9BAD320055EBC4 /* LaunchScreen.storyboard in Resources */,
				322C6A19204E231B0021A2D9 /* thumb_up.svg in Resources */,
				32F6F6441FF706AA00935554 /* Images.xcassets in Resources */,
				321B75E41F9BAD320055EBC4 /* Assets.xcassets in Resources */,
				32CFB1DB20DCB23B00672EC9 /* Sale.storyboard in Resources */,
				32B9101020439F75002F9C94 /* resources.json in Resources */,
				327C5D7B20817AD1007EEF71 /* Release.plist in Resources */,
				32B9102B204B32C4002F9C94 /* chevron_up.svg in Resources */,
				32CFB1DD20DCB3C800672EC9 /* Main.storyboard in Resources */,
				321B75DF1F9BAD320055EBC4 /* SignIn.storyboard in Resources */,
				322C6A0B204CC2170021A2D9 /* localization in Resources */,
				32CFB1D720DCB16300672EC9 /* Convention.storyboard in Resources */,
				32B9102C204B32C4002F9C94 /* chevron_down.svg in Resources */,
				32CFB1E320DCBC5D00672EC9 /* Records.storyboard in Resources */,
				32B9100F20439F75002F9C94 /* generate-schemas in Resources */,
				32CFB1D920DCB20200672EC9 /* Settings.storyboard in Resources */,
				322C6A18204E231B0021A2D9 /* thumb_down.svg in Resources */,
				32B3026A2050B8B5000F7F2A /* Colors.xcassets in Resources */,
			);
			runOnlyForDeploymentPostprocessing = 0;
		};
/* End PBXResourcesBuildPhase section */

/* Begin PBXShellScriptBuildPhase section */
		324592981FEAFFB000DE89BB /* Generate Apollo GraphQL API */ = {
			isa = PBXShellScriptBuildPhase;
			buildActionMask = 2147483647;
			files = (
			);
			inputPaths = (
			);
			name = "Generate Apollo GraphQL API";
			outputPaths = (
			);
			runOnlyForDeploymentPostprocessing = 0;
			shellPath = /bin/sh;
			shellScript = "APOLLO_FRAMEWORK_PATH=\"$(eval find $FRAMEWORK_SEARCH_PATHS -name \"Apollo.framework\" -maxdepth 1)\"\n\nif [ -z \"$APOLLO_FRAMEWORK_PATH\" ]; then\necho \"error: Couldn't find Apollo.framework in FRAMEWORK_SEARCH_PATHS; make sure to add the framework to your project.\"\nexit 1\nfi\n\ncd \"${SRCROOT}/${TARGET_NAME}\"\n$APOLLO_FRAMEWORK_PATH/check-and-run-apollo-cli.sh codegen:generate --queries=\"$(find ../../shared/graphql -name '*.graphql')\" --schema=schema.json Services/API/GraphQL.swift\n$APOLLO_FRAMEWORK_PATH/check-and-run-apollo-cli.sh codegen:generate --queries=\"$(find ../../shared/resources/query -name '*.graphql')\" --schema='resources.json' Services/API/Resources.swift\n";
		};
		327C5D7D20818371007EEF71 /* Copy Configuration Files */ = {
			isa = PBXShellScriptBuildPhase;
			buildActionMask = 2147483647;
			files = (
			);
			inputPaths = (
			);
			name = "Copy Configuration Files";
			outputPaths = (
			);
			runOnlyForDeploymentPostprocessing = 0;
			shellPath = /bin/sh;
			shellScript = "CONFIG_FILE=\"${SRCROOT}/${PRODUCT_NAME}/Config/${CONFIGURATION}.plist\"\nBUILD_APP_DIR=\"${BUILT_PRODUCTS_DIR}/${PRODUCT_NAME}.app\"\necho \"Copying ${CONFIG_FILE} to ${BUILD_APP_DIR}/Config.plist\"\ncp -v \"${CONFIG_FILE}\" \"${BUILD_APP_DIR}/Config.plist\"";
		};
		693BFD9862FF5ADE35690E83 /* [CP] Embed Pods Frameworks */ = {
			isa = PBXShellScriptBuildPhase;
			buildActionMask = 2147483647;
			files = (
			);
			inputPaths = (
				"${SRCROOT}/Pods/Target Support Files/Pods-ConArtist/Pods-ConArtist-frameworks.sh",
				"${BUILT_PRODUCTS_DIR}/Alamofire/Alamofire.framework",
				"${BUILT_PRODUCTS_DIR}/Apollo/Apollo.framework",
				"${BUILT_PRODUCTS_DIR}/CocoaLumberjack/CocoaLumberjack.framework",
				"${BUILT_PRODUCTS_DIR}/PrettyString/PrettyString.framework",
				"${BUILT_PRODUCTS_DIR}/RxAlamofire/RxAlamofire.framework",
				"${BUILT_PRODUCTS_DIR}/RxCocoa/RxCocoa.framework",
				"${BUILT_PRODUCTS_DIR}/RxSwift/RxSwift.framework",
				"${BUILT_PRODUCTS_DIR}/SVGKit/SVGKit.framework",
				"${BUILT_PRODUCTS_DIR}/SexyTooltip/SexyTooltip.framework",
				"${BUILT_PRODUCTS_DIR}/Strongbox/Strongbox.framework",
				"${BUILT_PRODUCTS_DIR}/SwiftMoment/SwiftMoment.framework",
				"${BUILT_PRODUCTS_DIR}/pop/pop.framework",
			);
			name = "[CP] Embed Pods Frameworks";
			outputPaths = (
				"${TARGET_BUILD_DIR}/${FRAMEWORKS_FOLDER_PATH}/Alamofire.framework",
				"${TARGET_BUILD_DIR}/${FRAMEWORKS_FOLDER_PATH}/Apollo.framework",
				"${TARGET_BUILD_DIR}/${FRAMEWORKS_FOLDER_PATH}/CocoaLumberjack.framework",
				"${TARGET_BUILD_DIR}/${FRAMEWORKS_FOLDER_PATH}/PrettyString.framework",
				"${TARGET_BUILD_DIR}/${FRAMEWORKS_FOLDER_PATH}/RxAlamofire.framework",
				"${TARGET_BUILD_DIR}/${FRAMEWORKS_FOLDER_PATH}/RxCocoa.framework",
				"${TARGET_BUILD_DIR}/${FRAMEWORKS_FOLDER_PATH}/RxSwift.framework",
				"${TARGET_BUILD_DIR}/${FRAMEWORKS_FOLDER_PATH}/SVGKit.framework",
				"${TARGET_BUILD_DIR}/${FRAMEWORKS_FOLDER_PATH}/SexyTooltip.framework",
				"${TARGET_BUILD_DIR}/${FRAMEWORKS_FOLDER_PATH}/Strongbox.framework",
				"${TARGET_BUILD_DIR}/${FRAMEWORKS_FOLDER_PATH}/SwiftMoment.framework",
				"${TARGET_BUILD_DIR}/${FRAMEWORKS_FOLDER_PATH}/pop.framework",
			);
			runOnlyForDeploymentPostprocessing = 0;
			shellPath = /bin/sh;
			shellScript = "\"${SRCROOT}/Pods/Target Support Files/Pods-ConArtist/Pods-ConArtist-frameworks.sh\"\n";
			showEnvVarsInLog = 0;
		};
		D62396CD3173BAAF148F6055 /* [CP] Check Pods Manifest.lock */ = {
			isa = PBXShellScriptBuildPhase;
			buildActionMask = 2147483647;
			files = (
			);
			inputPaths = (
				"${PODS_PODFILE_DIR_PATH}/Podfile.lock",
				"${PODS_ROOT}/Manifest.lock",
			);
			name = "[CP] Check Pods Manifest.lock";
			outputPaths = (
				"$(DERIVED_FILE_DIR)/Pods-ConArtist-checkManifestLockResult.txt",
			);
			runOnlyForDeploymentPostprocessing = 0;
			shellPath = /bin/sh;
			shellScript = "diff \"${PODS_PODFILE_DIR_PATH}/Podfile.lock\" \"${PODS_ROOT}/Manifest.lock\" > /dev/null\nif [ $? != 0 ] ; then\n    # print error to STDERR\n    echo \"error: The sandbox is not in sync with the Podfile.lock. Run 'pod install' or update your CocoaPods installation.\" >&2\n    exit 1\nfi\n# This output is used by Xcode 'outputs' to avoid re-running this script phase.\necho \"SUCCESS\" > \"${SCRIPT_OUTPUT_FILE_0}\"\n";
			showEnvVarsInLog = 0;
		};
/* End PBXShellScriptBuildPhase section */

/* Begin PBXSourcesBuildPhase section */
		321B75D21F9BAD320055EBC4 /* Sources */ = {
			isa = PBXSourcesBuildPhase;
			buildActionMask = 2147483647;
			files = (
				325EAB1F2052481200B1BE3E /* ExpenseTableViewCell.swift in Sources */,
				322AFB41205763C0005E56C8 /* String+Escape.swift in Sources */,
				32AE416B202554AD0061EB64 /* RecordListViewController.swift in Sources */,
				32BC33E81FEEF2070006256A /* Expense.swift in Sources */,
				321F9007204F8CB700E2BA57 /* NewConventionUserInfoViewController.swift in Sources */,
				32C39C20201E99A100071E26 /* Sequence+Helpers.swift in Sources */,
				32DFCF5720DDDD35007FFE70 /* MapViewController.swift in Sources */,
				32F12C0E20353E840045D0BC /* FancyButton.swift in Sources */,
				32B36ECD203FB8DD00DA4593 /* ConventionExtraInfoTableViewCell.swift in Sources */,
				320CF59820E7E6EF003F91EC /* Either.swift in Sources */,
				3245929C1FEB19DA00DE89BB /* GraphQL.swift in Sources */,
				322AFB3F20574622005E56C8 /* String+JSON.swift in Sources */,
				32B36EDB2041FFF100DA4593 /* API.swift in Sources */,
				327C5D7F2081845F007EEF71 /* Config.swift in Sources */,
				32B36EDF204202DB00DA4593 /* Keychain.swift in Sources */,
				32DFCF5920DDE592007FFE70 /* Location.swift in Sources */,
				32F12C10203544E60045D0BC /* UIFont+Features.swift in Sources */,
				32B9101320439F97002F9C94 /* Resources.swift in Sources */,
				32B9101B2048F049002F9C94 /* SettingsSelectTableViewCell.swift in Sources */,
				32D4BB15205B44E000B0A397 /* RecordDetailsItemCollectionViewCell.swift in Sources */,
				324592951FEAFA6000DE89BB /* ConArtist.swift in Sources */,
				322C6A0D204CC2810021A2D9 /* String+Localization.swift in Sources */,
				32B36EBD203BD2F000DA4593 /* UIButton+ConArtist.swift in Sources */,
				32AE416720253D5C0061EB64 /* RootNavigationController.swift in Sources */,
				32C39C31201EA5B400071E26 /* RecordTableViewCell.swift in Sources */,
				32B36EC5203E5E7D00DA4593 /* UIView+Shadows.swift in Sources */,
				324592A01FEB230600DE89BB /* Auth.swift in Sources */,
				32B36EC7203E623B00DA4593 /* Base.swift in Sources */,
				32B36EBF203BD67800DA4593 /* UIView+Customizable.swift in Sources */,
				321FDE842027D14B002DF04B /* Observable+Helpers.swift in Sources */,
				321B75DC1F9BAD320055EBC4 /* SignInViewController.swift in Sources */,
				324592AC1FEC2EA500DE89BB /* Convention.swift in Sources */,
				32B3026C2050E09B000F7F2A /* RecordsOverviewViewController.swift in Sources */,
				324592AA1FEC2E7900DE89BB /* Model.swift in Sources */,
				32CFB1E120DCBABA00672EC9 /* Debug.swift in Sources */,
				325EAB2320524C5500B1BE3E /* RecordsOverviewTotalFooterView.swift in Sources */,
				32D45CBA20A4A54400F7A67F /* Id.swift in Sources */,
				32C39C32201EA5B400071E26 /* ConventionTableViewCell.swift in Sources */,
				32C39C1C201E812D00071E26 /* ApolloClient+Rx.swift in Sources */,
				32BC33E21FEEF17E0006256A /* ProductType.swift in Sources */,
				32B9101F2048F282002F9C94 /* SettingsSelectOptionTableViewCell.swift in Sources */,
				32CFB1D520DCB0EB00672EC9 /* String+Attributes.swift in Sources */,
				32B9101D2048F113002F9C94 /* SettingsSelectViewController.swift in Sources */,
				32254DDF205F4CDD003E021F /* ExpenseDetailsOverlayViewController.swift in Sources */,
				322C6A13204E1D070021A2D9 /* ConventionUserInfoListViewController.swift in Sources */,
				32C9F9BE20265A840004566E /* Prices.swift in Sources */,
				32BC33DD1FEEED030006256A /* ProductListViewController.swift in Sources */,
				32B36ED62040F57000DA4593 /* Optional+Helpers.swift in Sources */,
				322C6A0F204CC8B40021A2D9 /* String+Display.swift in Sources */,
				32C39C36201EA66800071E26 /* ConventionDetailsViewController.swift in Sources */,
				324592971FEAFEE000DE89BB /* ConRequest.swift in Sources */,
				32AE4169202553CF0061EB64 /* ProductTypeListViewController.swift in Sources */,
				32892C4220352E9D00F1AD9C /* HighlightableView.swift in Sources */,
				3266CEF720017E2C0016D5E6 /* UIColor+Hex.swift in Sources */,
				32BC33EA1FEEF2420006256A /* Price.swift in Sources */,
				321FDE8020269E43002DF04B /* SettingsBooleanTableViewCell.swift in Sources */,
				32BC33E61FEEF1E40006256A /* Record.swift in Sources */,
				321FDE7D20269AB0002DF04B /* SettingsViewController.swift in Sources */,
				32E80BD4201700100008EC27 /* Money.swift in Sources */,
				32CFB1D320DCAE4800672EC9 /* ViewControllerNavigation.swift in Sources */,
				321B75DA1F9BAD320055EBC4 /* AppDelegate.swift in Sources */,
				32892C44203530C800F1AD9C /* Array+Safe.swift in Sources */,
				32B36EB720371BC700DA4593 /* FakeNavBar.swift in Sources */,
				32B910172044F80B002F9C94 /* NewExpenseViewController.swift in Sources */,
				32E80BD7201700EB0008EC27 /* String+Conversion.swift in Sources */,
				32D4BB11205B3E5500B0A397 /* RecordDetailsOverlayViewController.swift in Sources */,
				32892C4020352D1500F1AD9C /* FancyTextField.swift in Sources */,
				32B36EE4204226B100DA4593 /* ConventionUserInfo.swift in Sources */,
				32B36EC1203BE0E600DA4593 /* ConventionExtraInfo.swift in Sources */,
				325EAB1D205247E900B1BE3E /* RecordSummaryTableViewCell.swift in Sources */,
				32B36ECB203F97EF00DA4593 /* SplashScreenViewController.swift in Sources */,
				32D45CBC20A4DBC600F7A67F /* TimeZone+UTC.swift in Sources */,
				32B36EC9203E7A5800DA4593 /* TableHeaderView.swift in Sources */,
				32C9F9B920264BE00004566E /* ProductTableViewCell.swift in Sources */,
				322AFB45205769DE005E56C8 /* Tuple.swift in Sources */,
				32D4BB13205B446600B0A397 /* RecordDetailsItemsTableViewCell.swift in Sources */,
				325EAB212052493300B1BE3E /* RecordsOverviewDateHeaderView.swift in Sources */,
				32C39C1E201E870600071E26 /* UIView+Tooltip.swift in Sources */,
				32B910152043A0EB002F9C94 /* UIImage+Base64.swift in Sources */,
				32B91021204A3746002F9C94 /* RxNavigationController.swift in Sources */,
				32B36EDD2042010D00DA4593 /* Images.swift in Sources */,
				324592AE1FEC314900DE89BB /* Date+Helpers.swift in Sources */,
				321FDE8220269E67002DF04B /* SettingsActionTableViewCell.swift in Sources */,
				322C6A15204E20570021A2D9 /* ConventionUserInfoTableViewCell.swift in Sources */,
				32DFCF5B20DDE697007FFE70 /* URL.swift in Sources */,
				32D65DBA20BCFA5000F03BC2 /* AllConventionsListViewController.swift in Sources */,
				32B910192047C821002F9C94 /* Settings.swift in Sources */,
				32B36ED82041FF3200DA4593 /* NetworkImageView.swift in Sources */,
				32DD973B205B803E0045DF41 /* SetAlgebra+Operators.swift in Sources */,
				32EEC27520E031620016DFCA /* PrettyString+Styles.swift in Sources */,
				32C39C33201EA5B400071E26 /* ProductTypeTableViewCell.swift in Sources */,
				32D45CB820A3F96200F7A67F /* Persist.swift in Sources */,
				32B36EE22042086500DA4593 /* Monad.swift in Sources */,
				32BC33E41FEEF1B80006256A /* Product.swift in Sources */,
				324592A21FEB4B4D00DE89BB /* ConventionListViewController.swift in Sources */,
			);
			runOnlyForDeploymentPostprocessing = 0;
		};
/* End PBXSourcesBuildPhase section */

/* Begin PBXVariantGroup section */
		321B75DD1F9BAD320055EBC4 /* SignIn.storyboard */ = {
			isa = PBXVariantGroup;
			children = (
				321B75DE1F9BAD320055EBC4 /* Base */,
			);
			name = SignIn.storyboard;
			sourceTree = "<group>";
		};
		321B75E51F9BAD320055EBC4 /* LaunchScreen.storyboard */ = {
			isa = PBXVariantGroup;
			children = (
				321B75E61F9BAD320055EBC4 /* Base */,
			);
			name = LaunchScreen.storyboard;
			sourceTree = "<group>";
		};
/* End PBXVariantGroup section */

/* Begin XCBuildConfiguration section */
		321B75F41F9BAD320055EBC4 /* Debug */ = {
			isa = XCBuildConfiguration;
			buildSettings = {
				ALWAYS_SEARCH_USER_PATHS = NO;
				CLANG_ANALYZER_NONNULL = YES;
				CLANG_ANALYZER_NUMBER_OBJECT_CONVERSION = YES_AGGRESSIVE;
				CLANG_CXX_LANGUAGE_STANDARD = "gnu++0x";
				CLANG_CXX_LIBRARY = "libc++";
				CLANG_ENABLE_MODULES = YES;
				CLANG_ENABLE_OBJC_ARC = YES;
				CLANG_WARN_BLOCK_CAPTURE_AUTORELEASING = YES;
				CLANG_WARN_BOOL_CONVERSION = YES;
				CLANG_WARN_COMMA = YES;
				CLANG_WARN_CONSTANT_CONVERSION = YES;
				CLANG_WARN_DIRECT_OBJC_ISA_USAGE = YES_ERROR;
				CLANG_WARN_DOCUMENTATION_COMMENTS = YES;
				CLANG_WARN_EMPTY_BODY = YES;
				CLANG_WARN_ENUM_CONVERSION = YES;
				CLANG_WARN_INFINITE_RECURSION = YES;
				CLANG_WARN_INT_CONVERSION = YES;
				CLANG_WARN_NON_LITERAL_NULL_CONVERSION = YES;
				CLANG_WARN_OBJC_LITERAL_CONVERSION = YES;
				CLANG_WARN_OBJC_ROOT_CLASS = YES_ERROR;
				CLANG_WARN_RANGE_LOOP_ANALYSIS = YES;
				CLANG_WARN_STRICT_PROTOTYPES = YES;
				CLANG_WARN_SUSPICIOUS_MOVE = YES;
				CLANG_WARN_UNREACHABLE_CODE = YES;
				CLANG_WARN__DUPLICATE_METHOD_MATCH = YES;
				"CODE_SIGN_IDENTITY[sdk=iphoneos*]" = "iPhone Developer";
				COPY_PHASE_STRIP = NO;
				DEBUG_INFORMATION_FORMAT = dwarf;
				ENABLE_STRICT_OBJC_MSGSEND = YES;
				ENABLE_TESTABILITY = YES;
				GCC_C_LANGUAGE_STANDARD = gnu99;
				GCC_DYNAMIC_NO_PIC = NO;
				GCC_NO_COMMON_BLOCKS = YES;
				GCC_OPTIMIZATION_LEVEL = 0;
				GCC_PREPROCESSOR_DEFINITIONS = (
					"DEBUG=1",
					"$(inherited)",
				);
				GCC_WARN_64_TO_32_BIT_CONVERSION = YES;
				GCC_WARN_ABOUT_RETURN_TYPE = YES_ERROR;
				GCC_WARN_UNDECLARED_SELECTOR = YES;
				GCC_WARN_UNINITIALIZED_AUTOS = YES_AGGRESSIVE;
				GCC_WARN_UNUSED_FUNCTION = YES;
				GCC_WARN_UNUSED_VARIABLE = YES;
				IPHONEOS_DEPLOYMENT_TARGET = 10.3;
				MTL_ENABLE_DEBUG_INFO = YES;
				ONLY_ACTIVE_ARCH = YES;
				SDKROOT = iphoneos;
				SWIFT_ACTIVE_COMPILATION_CONDITIONS = DEBUG;
				SWIFT_OPTIMIZATION_LEVEL = "-Onone";
				TARGETED_DEVICE_FAMILY = "1,2";
			};
			name = Debug;
		};
		321B75F51F9BAD320055EBC4 /* Release */ = {
			isa = XCBuildConfiguration;
			buildSettings = {
				ALWAYS_SEARCH_USER_PATHS = NO;
				CLANG_ANALYZER_NONNULL = YES;
				CLANG_ANALYZER_NUMBER_OBJECT_CONVERSION = YES_AGGRESSIVE;
				CLANG_CXX_LANGUAGE_STANDARD = "gnu++0x";
				CLANG_CXX_LIBRARY = "libc++";
				CLANG_ENABLE_MODULES = YES;
				CLANG_ENABLE_OBJC_ARC = YES;
				CLANG_WARN_BLOCK_CAPTURE_AUTORELEASING = YES;
				CLANG_WARN_BOOL_CONVERSION = YES;
				CLANG_WARN_COMMA = YES;
				CLANG_WARN_CONSTANT_CONVERSION = YES;
				CLANG_WARN_DIRECT_OBJC_ISA_USAGE = YES_ERROR;
				CLANG_WARN_DOCUMENTATION_COMMENTS = YES;
				CLANG_WARN_EMPTY_BODY = YES;
				CLANG_WARN_ENUM_CONVERSION = YES;
				CLANG_WARN_INFINITE_RECURSION = YES;
				CLANG_WARN_INT_CONVERSION = YES;
				CLANG_WARN_NON_LITERAL_NULL_CONVERSION = YES;
				CLANG_WARN_OBJC_LITERAL_CONVERSION = YES;
				CLANG_WARN_OBJC_ROOT_CLASS = YES_ERROR;
				CLANG_WARN_RANGE_LOOP_ANALYSIS = YES;
				CLANG_WARN_STRICT_PROTOTYPES = YES;
				CLANG_WARN_SUSPICIOUS_MOVE = YES;
				CLANG_WARN_UNREACHABLE_CODE = YES;
				CLANG_WARN__DUPLICATE_METHOD_MATCH = YES;
				"CODE_SIGN_IDENTITY[sdk=iphoneos*]" = "iPhone Developer";
				COPY_PHASE_STRIP = NO;
				DEBUG_INFORMATION_FORMAT = "dwarf-with-dsym";
				ENABLE_NS_ASSERTIONS = NO;
				ENABLE_STRICT_OBJC_MSGSEND = YES;
				GCC_C_LANGUAGE_STANDARD = gnu99;
				GCC_NO_COMMON_BLOCKS = YES;
				GCC_WARN_64_TO_32_BIT_CONVERSION = YES;
				GCC_WARN_ABOUT_RETURN_TYPE = YES_ERROR;
				GCC_WARN_UNDECLARED_SELECTOR = YES;
				GCC_WARN_UNINITIALIZED_AUTOS = YES_AGGRESSIVE;
				GCC_WARN_UNUSED_FUNCTION = YES;
				GCC_WARN_UNUSED_VARIABLE = YES;
				IPHONEOS_DEPLOYMENT_TARGET = 10.3;
				MTL_ENABLE_DEBUG_INFO = NO;
				SDKROOT = iphoneos;
				SWIFT_OPTIMIZATION_LEVEL = "-Owholemodule";
				TARGETED_DEVICE_FAMILY = "1,2";
				VALIDATE_PRODUCT = YES;
			};
			name = Release;
		};
		321B75F71F9BAD320055EBC4 /* Debug */ = {
			isa = XCBuildConfiguration;
			baseConfigurationReference = 910953E2D95714FA5C58D57C /* Pods-ConArtist.debug.xcconfig */;
			buildSettings = {
				ASSETCATALOG_COMPILER_APPICON_NAME = AppIcon;
				ASSETCATALOG_COMPILER_LAUNCHIMAGE_NAME = LaunchImage;
				"CODE_SIGN_IDENTITY[sdk=iphoneos*]" = "iPhone Developer";
				DEVELOPMENT_TEAM = KT5TYPEMWT;
				INFOPLIST_FILE = ConArtist/Info.plist;
				IPHONEOS_DEPLOYMENT_TARGET = 11.0;
				LD_RUNPATH_SEARCH_PATHS = "$(inherited) @executable_path/Frameworks";
				PRODUCT_BUNDLE_IDENTIFIER = cameldridge.ConArtist;
				PRODUCT_NAME = "$(TARGET_NAME)";
				PROVISIONING_PROFILE_SPECIFIER = "";
				SWIFT_VERSION = 4.2;
				TARGETED_DEVICE_FAMILY = "1,2";
			};
			name = Debug;
		};
		321B75F81F9BAD320055EBC4 /* Release */ = {
			isa = XCBuildConfiguration;
			baseConfigurationReference = C2AA33475894D324CF81CCB2 /* Pods-ConArtist.release.xcconfig */;
			buildSettings = {
				ASSETCATALOG_COMPILER_APPICON_NAME = AppIcon;
				ASSETCATALOG_COMPILER_LAUNCHIMAGE_NAME = LaunchImage;
				"CODE_SIGN_IDENTITY[sdk=iphoneos*]" = "iPhone Developer";
				DEVELOPMENT_TEAM = KT5TYPEMWT;
				INFOPLIST_FILE = ConArtist/Info.plist;
				IPHONEOS_DEPLOYMENT_TARGET = 11.0;
				LD_RUNPATH_SEARCH_PATHS = "$(inherited) @executable_path/Frameworks";
				PRODUCT_BUNDLE_IDENTIFIER = cameldridge.ConArtist;
				PRODUCT_NAME = "$(TARGET_NAME)";
				PROVISIONING_PROFILE_SPECIFIER = "";
				SWIFT_VERSION = 4.2;
				TARGETED_DEVICE_FAMILY = "1,2";
			};
			name = Release;
		};
/* End XCBuildConfiguration section */

/* Begin XCConfigurationList section */
		321B75D11F9BAD320055EBC4 /* Build configuration list for PBXProject "ConArtist" */ = {
			isa = XCConfigurationList;
			buildConfigurations = (
				321B75F41F9BAD320055EBC4 /* Debug */,
				321B75F51F9BAD320055EBC4 /* Release */,
			);
			defaultConfigurationIsVisible = 0;
			defaultConfigurationName = Release;
		};
		321B75F61F9BAD320055EBC4 /* Build configuration list for PBXNativeTarget "ConArtist" */ = {
			isa = XCConfigurationList;
			buildConfigurations = (
				321B75F71F9BAD320055EBC4 /* Debug */,
				321B75F81F9BAD320055EBC4 /* Release */,
			);
			defaultConfigurationIsVisible = 0;
			defaultConfigurationName = Release;
		};
/* End XCConfigurationList section */
	};
	rootObject = 321B75CE1F9BAD320055EBC4 /* Project object */;
}
