// !$*UTF8*$!
{
	archiveVersion = 1;
	classes = {
	};
	objectVersion = 46;
	objects = {

/* Begin PBXBuildFile section */
		321B75DA1F9BAD320055EBC4 /* AppDelegate.swift in Sources */ = {isa = PBXBuildFile; fileRef = 321B75D91F9BAD320055EBC4 /* AppDelegate.swift */; };
		321B75DC1F9BAD320055EBC4 /* SignInController.swift in Sources */ = {isa = PBXBuildFile; fileRef = 321B75DB1F9BAD320055EBC4 /* SignInController.swift */; };
		321B75DF1F9BAD320055EBC4 /* Main.storyboard in Resources */ = {isa = PBXBuildFile; fileRef = 321B75DD1F9BAD320055EBC4 /* Main.storyboard */; };
		321B75E21F9BAD320055EBC4 /* ConArtist.xcdatamodeld in Sources */ = {isa = PBXBuildFile; fileRef = 321B75E01F9BAD320055EBC4 /* ConArtist.xcdatamodeld */; };
		321B75E41F9BAD320055EBC4 /* Assets.xcassets in Resources */ = {isa = PBXBuildFile; fileRef = 321B75E31F9BAD320055EBC4 /* Assets.xcassets */; };
		321B75E71F9BAD320055EBC4 /* LaunchScreen.storyboard in Resources */ = {isa = PBXBuildFile; fileRef = 321B75E51F9BAD320055EBC4 /* LaunchScreen.storyboard */; };
		321B75F21F9BAD320055EBC4 /* ConArtistTests.swift in Sources */ = {isa = PBXBuildFile; fileRef = 321B75F11F9BAD320055EBC4 /* ConArtistTests.swift */; };
		324592951FEAFA6000DE89BB /* ConArtist.swift in Sources */ = {isa = PBXBuildFile; fileRef = 324592941FEAFA6000DE89BB /* ConArtist.swift */; };
		324592971FEAFEE000DE89BB /* ConRequest.swift in Sources */ = {isa = PBXBuildFile; fileRef = 324592961FEAFEE000DE89BB /* ConRequest.swift */; };
		3245929A1FEB132600DE89BB /* CAError.swift in Sources */ = {isa = PBXBuildFile; fileRef = 324592991FEB132600DE89BB /* CAError.swift */; };
		3245929C1FEB19DA00DE89BB /* GraphQL.swift in Sources */ = {isa = PBXBuildFile; fileRef = 3245929B1FEB19DA00DE89BB /* GraphQL.swift */; };
		324592A01FEB230600DE89BB /* Auth.swift in Sources */ = {isa = PBXBuildFile; fileRef = 3245929F1FEB230600DE89BB /* Auth.swift */; };
		324592A21FEB4B4D00DE89BB /* ConventionListController.swift in Sources */ = {isa = PBXBuildFile; fileRef = 324592A11FEB4B4D00DE89BB /* ConventionListController.swift */; };
		324592A41FEB5CE000DE89BB /* ConArtistViewController.swift in Sources */ = {isa = PBXBuildFile; fileRef = 324592A31FEB5CE000DE89BB /* ConArtistViewController.swift */; };
		324592A61FEB786D00DE89BB /* ConventionListRow.swift in Sources */ = {isa = PBXBuildFile; fileRef = 324592A51FEB786D00DE89BB /* ConventionListRow.swift */; };
		324592AA1FEC2E7900DE89BB /* Model.swift in Sources */ = {isa = PBXBuildFile; fileRef = 324592A91FEC2E7900DE89BB /* Model.swift */; };
		324592AC1FEC2EA500DE89BB /* Convention.swift in Sources */ = {isa = PBXBuildFile; fileRef = 324592AB1FEC2EA500DE89BB /* Convention.swift */; };
		324592AE1FEC314900DE89BB /* DateExtensions.swift in Sources */ = {isa = PBXBuildFile; fileRef = 324592AD1FEC314900DE89BB /* DateExtensions.swift */; };
		32BC33D91FEE15AE0006256A /* Cache.swift in Sources */ = {isa = PBXBuildFile; fileRef = 32BC33D81FEE15AE0006256A /* Cache.swift */; };
		C2E3ACC3210C151F27F71107 /* Pods_ConArtist.framework in Frameworks */ = {isa = PBXBuildFile; fileRef = BE8B039676510BCEC679764D /* Pods_ConArtist.framework */; };
		E0D8F8978AA25B5F222E19FB /* Pods_ConArtistTests.framework in Frameworks */ = {isa = PBXBuildFile; fileRef = 5CA031CB351655A962D7BD65 /* Pods_ConArtistTests.framework */; };
/* End PBXBuildFile section */

/* Begin PBXContainerItemProxy section */
		321B75EE1F9BAD320055EBC4 /* PBXContainerItemProxy */ = {
			isa = PBXContainerItemProxy;
			containerPortal = 321B75CE1F9BAD320055EBC4 /* Project object */;
			proxyType = 1;
			remoteGlobalIDString = 321B75D51F9BAD320055EBC4;
			remoteInfo = ConArtist;
		};
/* End PBXContainerItemProxy section */

/* Begin PBXFileReference section */
		063B1EFBB50902FCD0882249 /* Pods-ConArtistTests.release.xcconfig */ = {isa = PBXFileReference; includeInIndex = 1; lastKnownFileType = text.xcconfig; name = "Pods-ConArtistTests.release.xcconfig"; path = "Pods/Target Support Files/Pods-ConArtistTests/Pods-ConArtistTests.release.xcconfig"; sourceTree = "<group>"; };
		321B75D61F9BAD320055EBC4 /* ConArtist.app */ = {isa = PBXFileReference; explicitFileType = wrapper.application; includeInIndex = 0; path = ConArtist.app; sourceTree = BUILT_PRODUCTS_DIR; };
		321B75D91F9BAD320055EBC4 /* AppDelegate.swift */ = {isa = PBXFileReference; lastKnownFileType = sourcecode.swift; path = AppDelegate.swift; sourceTree = "<group>"; };
		321B75DB1F9BAD320055EBC4 /* SignInController.swift */ = {isa = PBXFileReference; lastKnownFileType = sourcecode.swift; path = SignInController.swift; sourceTree = "<group>"; };
		321B75DE1F9BAD320055EBC4 /* Base */ = {isa = PBXFileReference; lastKnownFileType = file.storyboard; name = Base; path = Base.lproj/Main.storyboard; sourceTree = "<group>"; };
		321B75E11F9BAD320055EBC4 /* ConArtist.xcdatamodel */ = {isa = PBXFileReference; lastKnownFileType = wrapper.xcdatamodel; path = ConArtist.xcdatamodel; sourceTree = "<group>"; };
		321B75E31F9BAD320055EBC4 /* Assets.xcassets */ = {isa = PBXFileReference; lastKnownFileType = folder.assetcatalog; path = Assets.xcassets; sourceTree = "<group>"; };
		321B75E61F9BAD320055EBC4 /* Base */ = {isa = PBXFileReference; lastKnownFileType = file.storyboard; name = Base; path = Base.lproj/LaunchScreen.storyboard; sourceTree = "<group>"; };
		321B75E81F9BAD320055EBC4 /* Info.plist */ = {isa = PBXFileReference; lastKnownFileType = text.plist.xml; path = Info.plist; sourceTree = "<group>"; };
		321B75ED1F9BAD320055EBC4 /* ConArtistTests.xctest */ = {isa = PBXFileReference; explicitFileType = wrapper.cfbundle; includeInIndex = 0; path = ConArtistTests.xctest; sourceTree = BUILT_PRODUCTS_DIR; };
		321B75F11F9BAD320055EBC4 /* ConArtistTests.swift */ = {isa = PBXFileReference; lastKnownFileType = sourcecode.swift; path = ConArtistTests.swift; sourceTree = "<group>"; };
		321B75F31F9BAD320055EBC4 /* Info.plist */ = {isa = PBXFileReference; lastKnownFileType = text.plist.xml; path = Info.plist; sourceTree = "<group>"; };
		324592941FEAFA6000DE89BB /* ConArtist.swift */ = {isa = PBXFileReference; fileEncoding = 4; lastKnownFileType = sourcecode.swift; path = ConArtist.swift; sourceTree = "<group>"; };
		324592961FEAFEE000DE89BB /* ConRequest.swift */ = {isa = PBXFileReference; fileEncoding = 4; lastKnownFileType = sourcecode.swift; path = ConRequest.swift; sourceTree = "<group>"; };
		324592991FEB132600DE89BB /* CAError.swift */ = {isa = PBXFileReference; fileEncoding = 4; lastKnownFileType = sourcecode.swift; path = CAError.swift; sourceTree = "<group>"; };
		3245929B1FEB19DA00DE89BB /* GraphQL.swift */ = {isa = PBXFileReference; fileEncoding = 4; lastKnownFileType = sourcecode.swift; path = GraphQL.swift; sourceTree = "<group>"; };
		3245929F1FEB230600DE89BB /* Auth.swift */ = {isa = PBXFileReference; fileEncoding = 4; lastKnownFileType = sourcecode.swift; path = Auth.swift; sourceTree = "<group>"; };
		324592A11FEB4B4D00DE89BB /* ConventionListController.swift */ = {isa = PBXFileReference; fileEncoding = 4; lastKnownFileType = sourcecode.swift; path = ConventionListController.swift; sourceTree = "<group>"; };
		324592A31FEB5CE000DE89BB /* ConArtistViewController.swift */ = {isa = PBXFileReference; fileEncoding = 4; lastKnownFileType = sourcecode.swift; path = ConArtistViewController.swift; sourceTree = "<group>"; };
		324592A51FEB786D00DE89BB /* ConventionListRow.swift */ = {isa = PBXFileReference; fileEncoding = 4; lastKnownFileType = sourcecode.swift; path = ConventionListRow.swift; sourceTree = "<group>"; };
		324592A91FEC2E7900DE89BB /* Model.swift */ = {isa = PBXFileReference; fileEncoding = 4; lastKnownFileType = sourcecode.swift; path = Model.swift; sourceTree = "<group>"; };
		324592AB1FEC2EA500DE89BB /* Convention.swift */ = {isa = PBXFileReference; fileEncoding = 4; lastKnownFileType = sourcecode.swift; path = Convention.swift; sourceTree = "<group>"; };
		324592AD1FEC314900DE89BB /* DateExtensions.swift */ = {isa = PBXFileReference; fileEncoding = 4; lastKnownFileType = sourcecode.swift; path = DateExtensions.swift; sourceTree = "<group>"; };
		32BC33D81FEE15AE0006256A /* Cache.swift */ = {isa = PBXFileReference; fileEncoding = 4; lastKnownFileType = sourcecode.swift; path = Cache.swift; sourceTree = "<group>"; };
		5C406A08D0DDC415ECB3E29A /* Pods-ConArtistTests.debug.xcconfig */ = {isa = PBXFileReference; includeInIndex = 1; lastKnownFileType = text.xcconfig; name = "Pods-ConArtistTests.debug.xcconfig"; path = "Pods/Target Support Files/Pods-ConArtistTests/Pods-ConArtistTests.debug.xcconfig"; sourceTree = "<group>"; };
		5CA031CB351655A962D7BD65 /* Pods_ConArtistTests.framework */ = {isa = PBXFileReference; explicitFileType = wrapper.framework; includeInIndex = 0; path = Pods_ConArtistTests.framework; sourceTree = BUILT_PRODUCTS_DIR; };
		910953E2D95714FA5C58D57C /* Pods-ConArtist.debug.xcconfig */ = {isa = PBXFileReference; includeInIndex = 1; lastKnownFileType = text.xcconfig; name = "Pods-ConArtist.debug.xcconfig"; path = "Pods/Target Support Files/Pods-ConArtist/Pods-ConArtist.debug.xcconfig"; sourceTree = "<group>"; };
		BE8B039676510BCEC679764D /* Pods_ConArtist.framework */ = {isa = PBXFileReference; explicitFileType = wrapper.framework; includeInIndex = 0; path = Pods_ConArtist.framework; sourceTree = BUILT_PRODUCTS_DIR; };
		C2AA33475894D324CF81CCB2 /* Pods-ConArtist.release.xcconfig */ = {isa = PBXFileReference; includeInIndex = 1; lastKnownFileType = text.xcconfig; name = "Pods-ConArtist.release.xcconfig"; path = "Pods/Target Support Files/Pods-ConArtist/Pods-ConArtist.release.xcconfig"; sourceTree = "<group>"; };
/* End PBXFileReference section */

/* Begin PBXFrameworksBuildPhase section */
		321B75D31F9BAD320055EBC4 /* Frameworks */ = {
			isa = PBXFrameworksBuildPhase;
			buildActionMask = 2147483647;
			files = (
				C2E3ACC3210C151F27F71107 /* Pods_ConArtist.framework in Frameworks */,
			);
			runOnlyForDeploymentPostprocessing = 0;
		};
		321B75EA1F9BAD320055EBC4 /* Frameworks */ = {
			isa = PBXFrameworksBuildPhase;
			buildActionMask = 2147483647;
			files = (
				E0D8F8978AA25B5F222E19FB /* Pods_ConArtistTests.framework in Frameworks */,
			);
			runOnlyForDeploymentPostprocessing = 0;
		};
/* End PBXFrameworksBuildPhase section */

/* Begin PBXGroup section */
		321B75CD1F9BAD320055EBC4 = {
			isa = PBXGroup;
			children = (
				321B75D81F9BAD320055EBC4 /* ConArtist */,
				321B75F01F9BAD320055EBC4 /* ConArtistTests */,
				321B75D71F9BAD320055EBC4 /* Products */,
				9705F5900542E6A817EB42D0 /* Pods */,
				4FB42CF41256E760A79587D8 /* Frameworks */,
			);
			sourceTree = "<group>";
		};
		321B75D71F9BAD320055EBC4 /* Products */ = {
			isa = PBXGroup;
			children = (
				321B75D61F9BAD320055EBC4 /* ConArtist.app */,
				321B75ED1F9BAD320055EBC4 /* ConArtistTests.xctest */,
			);
			name = Products;
			sourceTree = "<group>";
		};
		321B75D81F9BAD320055EBC4 /* ConArtist */ = {
			isa = PBXGroup;
			children = (
				32BC33D71FEE15960006256A /* Util */,
				325987211FEA48A700A7C35C /* Controller */,
				3259871F1FEA488100A7C35C /* Model */,
				321B75D91F9BAD320055EBC4 /* AppDelegate.swift */,
				324592941FEAFA6000DE89BB /* ConArtist.swift */,
				321B75DD1F9BAD320055EBC4 /* Main.storyboard */,
				321B75E51F9BAD320055EBC4 /* LaunchScreen.storyboard */,
				321B75E31F9BAD320055EBC4 /* Assets.xcassets */,
				321B75E81F9BAD320055EBC4 /* Info.plist */,
				321B75E01F9BAD320055EBC4 /* ConArtist.xcdatamodeld */,
			);
			path = ConArtist;
			sourceTree = "<group>";
		};
		321B75F01F9BAD320055EBC4 /* ConArtistTests */ = {
			isa = PBXGroup;
			children = (
				321B75F11F9BAD320055EBC4 /* ConArtistTests.swift */,
				321B75F31F9BAD320055EBC4 /* Info.plist */,
			);
			path = ConArtistTests;
			sourceTree = "<group>";
		};
		3259871F1FEA488100A7C35C /* Model */ = {
			isa = PBXGroup;
			children = (
				3245929F1FEB230600DE89BB /* Auth.swift */,
				3245929B1FEB19DA00DE89BB /* GraphQL.swift */,
				324592961FEAFEE000DE89BB /* ConRequest.swift */,
				324592991FEB132600DE89BB /* CAError.swift */,
				324592A91FEC2E7900DE89BB /* Model.swift */,
				324592AB1FEC2EA500DE89BB /* Convention.swift */,
			);
			name = Model;
			sourceTree = "<group>";
		};
		325987211FEA48A700A7C35C /* Controller */ = {
			isa = PBXGroup;
			children = (
				321B75DB1F9BAD320055EBC4 /* SignInController.swift */,
				324592A11FEB4B4D00DE89BB /* ConventionListController.swift */,
				324592A31FEB5CE000DE89BB /* ConArtistViewController.swift */,
				324592A51FEB786D00DE89BB /* ConventionListRow.swift */,
			);
			name = Controller;
			sourceTree = "<group>";
		};
		32BC33D71FEE15960006256A /* Util */ = {
			isa = PBXGroup;
			children = (
				324592AD1FEC314900DE89BB /* DateExtensions.swift */,
				32BC33D81FEE15AE0006256A /* Cache.swift */,
			);
			name = Util;
			sourceTree = "<group>";
		};
		4FB42CF41256E760A79587D8 /* Frameworks */ = {
			isa = PBXGroup;
			children = (
				BE8B039676510BCEC679764D /* Pods_ConArtist.framework */,
				5CA031CB351655A962D7BD65 /* Pods_ConArtistTests.framework */,
			);
			name = Frameworks;
			sourceTree = "<group>";
		};
		9705F5900542E6A817EB42D0 /* Pods */ = {
			isa = PBXGroup;
			children = (
				910953E2D95714FA5C58D57C /* Pods-ConArtist.debug.xcconfig */,
				C2AA33475894D324CF81CCB2 /* Pods-ConArtist.release.xcconfig */,
				5C406A08D0DDC415ECB3E29A /* Pods-ConArtistTests.debug.xcconfig */,
				063B1EFBB50902FCD0882249 /* Pods-ConArtistTests.release.xcconfig */,
			);
			name = Pods;
			sourceTree = "<group>";
		};
/* End PBXGroup section */

/* Begin PBXNativeTarget section */
		321B75D51F9BAD320055EBC4 /* ConArtist */ = {
			isa = PBXNativeTarget;
			buildConfigurationList = 321B75F61F9BAD320055EBC4 /* Build configuration list for PBXNativeTarget "ConArtist" */;
			buildPhases = (
				D62396CD3173BAAF148F6055 /* [CP] Check Pods Manifest.lock */,
				324592981FEAFFB000DE89BB /* Generate Apollo GraphQL API */,
				321B75D21F9BAD320055EBC4 /* Sources */,
				321B75D31F9BAD320055EBC4 /* Frameworks */,
				321B75D41F9BAD320055EBC4 /* Resources */,
				693BFD9862FF5ADE35690E83 /* [CP] Embed Pods Frameworks */,
				75DEED44157E6BF6D92E3F3E /* [CP] Copy Pods Resources */,
			);
			buildRules = (
			);
			dependencies = (
			);
			name = ConArtist;
			productName = ConArtist;
			productReference = 321B75D61F9BAD320055EBC4 /* ConArtist.app */;
			productType = "com.apple.product-type.application";
		};
		321B75EC1F9BAD320055EBC4 /* ConArtistTests */ = {
			isa = PBXNativeTarget;
			buildConfigurationList = 321B75F91F9BAD320055EBC4 /* Build configuration list for PBXNativeTarget "ConArtistTests" */;
			buildPhases = (
				34604C122E9CC8353977E7ED /* [CP] Check Pods Manifest.lock */,
				321B75E91F9BAD320055EBC4 /* Sources */,
				321B75EA1F9BAD320055EBC4 /* Frameworks */,
				321B75EB1F9BAD320055EBC4 /* Resources */,
				E8FF4E7391B59DF126E13A15 /* [CP] Embed Pods Frameworks */,
				639277BDB4578709539B0E5B /* [CP] Copy Pods Resources */,
			);
			buildRules = (
			);
			dependencies = (
				321B75EF1F9BAD320055EBC4 /* PBXTargetDependency */,
			);
			name = ConArtistTests;
			productName = ConArtistTests;
			productReference = 321B75ED1F9BAD320055EBC4 /* ConArtistTests.xctest */;
			productType = "com.apple.product-type.bundle.unit-test";
		};
/* End PBXNativeTarget section */

/* Begin PBXProject section */
		321B75CE1F9BAD320055EBC4 /* Project object */ = {
			isa = PBXProject;
			attributes = {
				LastSwiftUpdateCheck = 0830;
				LastUpgradeCheck = 0830;
				ORGANIZATIONNAME = "Cameron Eldridge";
				TargetAttributes = {
					321B75D51F9BAD320055EBC4 = {
						CreatedOnToolsVersion = 8.3.3;
						ProvisioningStyle = Automatic;
					};
					321B75EC1F9BAD320055EBC4 = {
						CreatedOnToolsVersion = 8.3.3;
						ProvisioningStyle = Automatic;
						TestTargetID = 321B75D51F9BAD320055EBC4;
					};
				};
			};
			buildConfigurationList = 321B75D11F9BAD320055EBC4 /* Build configuration list for PBXProject "ConArtist" */;
			compatibilityVersion = "Xcode 3.2";
			developmentRegion = English;
			hasScannedForEncodings = 0;
			knownRegions = (
				en,
				Base,
			);
			mainGroup = 321B75CD1F9BAD320055EBC4;
			productRefGroup = 321B75D71F9BAD320055EBC4 /* Products */;
			projectDirPath = "";
			projectRoot = "";
			targets = (
				321B75D51F9BAD320055EBC4 /* ConArtist */,
				321B75EC1F9BAD320055EBC4 /* ConArtistTests */,
			);
		};
/* End PBXProject section */

/* Begin PBXResourcesBuildPhase section */
		321B75D41F9BAD320055EBC4 /* Resources */ = {
			isa = PBXResourcesBuildPhase;
			buildActionMask = 2147483647;
			files = (
				321B75E71F9BAD320055EBC4 /* LaunchScreen.storyboard in Resources */,
				321B75E41F9BAD320055EBC4 /* Assets.xcassets in Resources */,
				321B75DF1F9BAD320055EBC4 /* Main.storyboard in Resources */,
			);
			runOnlyForDeploymentPostprocessing = 0;
		};
		321B75EB1F9BAD320055EBC4 /* Resources */ = {
			isa = PBXResourcesBuildPhase;
			buildActionMask = 2147483647;
			files = (
			);
			runOnlyForDeploymentPostprocessing = 0;
		};
/* End PBXResourcesBuildPhase section */

/* Begin PBXShellScriptBuildPhase section */
		324592981FEAFFB000DE89BB /* Generate Apollo GraphQL API */ = {
			isa = PBXShellScriptBuildPhase;
			buildActionMask = 2147483647;
			files = (
			);
			inputPaths = (
			);
			name = "Generate Apollo GraphQL API";
			outputPaths = (
			);
			runOnlyForDeploymentPostprocessing = 0;
			shellPath = /bin/sh;
			shellScript = "APOLLO_FRAMEWORK_PATH=\"$(eval find $FRAMEWORK_SEARCH_PATHS -name \"Apollo.framework\" -maxdepth 1)\"\n\nif [ -z \"$APOLLO_FRAMEWORK_PATH\" ]; then\necho \"error: Couldn't find Apollo.framework in FRAMEWORK_SEARCH_PATHS; make sure to add the framework to your project.\"\nexit 1\nfi\n\ncd \"${SRCROOT}/${TARGET_NAME}\"\n$APOLLO_FRAMEWORK_PATH/check-and-run-apollo-codegen.sh generate $(find . -name '*.graphql') --schema schema.json --output GraphQL.swift";
		};
		34604C122E9CC8353977E7ED /* [CP] Check Pods Manifest.lock */ = {
			isa = PBXShellScriptBuildPhase;
			buildActionMask = 2147483647;
			files = (
			);
			inputPaths = (
				"${PODS_PODFILE_DIR_PATH}/Podfile.lock",
				"${PODS_ROOT}/Manifest.lock",
			);
			name = "[CP] Check Pods Manifest.lock";
			outputPaths = (
				"$(DERIVED_FILE_DIR)/Pods-ConArtistTests-checkManifestLockResult.txt",
			);
			runOnlyForDeploymentPostprocessing = 0;
			shellPath = /bin/sh;
			shellScript = "diff \"${PODS_PODFILE_DIR_PATH}/Podfile.lock\" \"${PODS_ROOT}/Manifest.lock\" > /dev/null\nif [ $? != 0 ] ; then\n    # print error to STDERR\n    echo \"error: The sandbox is not in sync with the Podfile.lock. Run 'pod install' or update your CocoaPods installation.\" >&2\n    exit 1\nfi\n# This output is used by Xcode 'outputs' to avoid re-running this script phase.\necho \"SUCCESS\" > \"${SCRIPT_OUTPUT_FILE_0}\"\n";
			showEnvVarsInLog = 0;
		};
		639277BDB4578709539B0E5B /* [CP] Copy Pods Resources */ = {
			isa = PBXShellScriptBuildPhase;
			buildActionMask = 2147483647;
			files = (
			);
			inputPaths = (
			);
			name = "[CP] Copy Pods Resources";
			outputPaths = (
			);
			runOnlyForDeploymentPostprocessing = 0;
			shellPath = /bin/sh;
			shellScript = "\"${SRCROOT}/Pods/Target Support Files/Pods-ConArtistTests/Pods-ConArtistTests-resources.sh\"\n";
			showEnvVarsInLog = 0;
		};
		693BFD9862FF5ADE35690E83 /* [CP] Embed Pods Frameworks */ = {
			isa = PBXShellScriptBuildPhase;
			buildActionMask = 2147483647;
			files = (
			);
			inputPaths = (
				"${SRCROOT}/Pods/Target Support Files/Pods-ConArtist/Pods-ConArtist-frameworks.sh",
				"${BUILT_PRODUCTS_DIR}/Alamofire/Alamofire.framework",
				"${BUILT_PRODUCTS_DIR}/Apollo/Apollo.framework",
				"${BUILT_PRODUCTS_DIR}/Gloss/Gloss.framework",
				"${BUILT_PRODUCTS_DIR}/PromiseKit/PromiseKit.framework",
				"${BUILT_PRODUCTS_DIR}/Strongbox/Strongbox.framework",
			);
			name = "[CP] Embed Pods Frameworks";
			outputPaths = (
				"${TARGET_BUILD_DIR}/${FRAMEWORKS_FOLDER_PATH}/Alamofire.framework",
				"${TARGET_BUILD_DIR}/${FRAMEWORKS_FOLDER_PATH}/Apollo.framework",
				"${TARGET_BUILD_DIR}/${FRAMEWORKS_FOLDER_PATH}/Gloss.framework",
				"${TARGET_BUILD_DIR}/${FRAMEWORKS_FOLDER_PATH}/PromiseKit.framework",
				"${TARGET_BUILD_DIR}/${FRAMEWORKS_FOLDER_PATH}/Strongbox.framework",
			);
			runOnlyForDeploymentPostprocessing = 0;
			shellPath = /bin/sh;
			shellScript = "\"${SRCROOT}/Pods/Target Support Files/Pods-ConArtist/Pods-ConArtist-frameworks.sh\"\n";
			showEnvVarsInLog = 0;
		};
		75DEED44157E6BF6D92E3F3E /* [CP] Copy Pods Resources */ = {
			isa = PBXShellScriptBuildPhase;
			buildActionMask = 2147483647;
			files = (
			);
			inputPaths = (
			);
			name = "[CP] Copy Pods Resources";
			outputPaths = (
			);
			runOnlyForDeploymentPostprocessing = 0;
			shellPath = /bin/sh;
			shellScript = "\"${SRCROOT}/Pods/Target Support Files/Pods-ConArtist/Pods-ConArtist-resources.sh\"\n";
			showEnvVarsInLog = 0;
		};
		D62396CD3173BAAF148F6055 /* [CP] Check Pods Manifest.lock */ = {
			isa = PBXShellScriptBuildPhase;
			buildActionMask = 2147483647;
			files = (
			);
			inputPaths = (
				"${PODS_PODFILE_DIR_PATH}/Podfile.lock",
				"${PODS_ROOT}/Manifest.lock",
			);
			name = "[CP] Check Pods Manifest.lock";
			outputPaths = (
				"$(DERIVED_FILE_DIR)/Pods-ConArtist-checkManifestLockResult.txt",
			);
			runOnlyForDeploymentPostprocessing = 0;
			shellPath = /bin/sh;
			shellScript = "diff \"${PODS_PODFILE_DIR_PATH}/Podfile.lock\" \"${PODS_ROOT}/Manifest.lock\" > /dev/null\nif [ $? != 0 ] ; then\n    # print error to STDERR\n    echo \"error: The sandbox is not in sync with the Podfile.lock. Run 'pod install' or update your CocoaPods installation.\" >&2\n    exit 1\nfi\n# This output is used by Xcode 'outputs' to avoid re-running this script phase.\necho \"SUCCESS\" > \"${SCRIPT_OUTPUT_FILE_0}\"\n";
			showEnvVarsInLog = 0;
		};
		E8FF4E7391B59DF126E13A15 /* [CP] Embed Pods Frameworks */ = {
			isa = PBXShellScriptBuildPhase;
			buildActionMask = 2147483647;
			files = (
			);
			inputPaths = (
			);
			name = "[CP] Embed Pods Frameworks";
			outputPaths = (
			);
			runOnlyForDeploymentPostprocessing = 0;
			shellPath = /bin/sh;
			shellScript = "\"${SRCROOT}/Pods/Target Support Files/Pods-ConArtistTests/Pods-ConArtistTests-frameworks.sh\"\n";
			showEnvVarsInLog = 0;
		};
/* End PBXShellScriptBuildPhase section */

/* Begin PBXSourcesBuildPhase section */
		321B75D21F9BAD320055EBC4 /* Sources */ = {
			isa = PBXSourcesBuildPhase;
			buildActionMask = 2147483647;
			files = (
				3245929C1FEB19DA00DE89BB /* GraphQL.swift in Sources */,
				324592951FEAFA6000DE89BB /* ConArtist.swift in Sources */,
				324592A61FEB786D00DE89BB /* ConventionListRow.swift in Sources */,
				324592A01FEB230600DE89BB /* Auth.swift in Sources */,
				321B75DC1F9BAD320055EBC4 /* SignInController.swift in Sources */,
				324592AC1FEC2EA500DE89BB /* Convention.swift in Sources */,
				324592AA1FEC2E7900DE89BB /* Model.swift in Sources */,
				324592A41FEB5CE000DE89BB /* ConArtistViewController.swift in Sources */,
				324592971FEAFEE000DE89BB /* ConRequest.swift in Sources */,
				321B75DA1F9BAD320055EBC4 /* AppDelegate.swift in Sources */,
				32BC33D91FEE15AE0006256A /* Cache.swift in Sources */,
				321B75E21F9BAD320055EBC4 /* ConArtist.xcdatamodeld in Sources */,
				324592AE1FEC314900DE89BB /* DateExtensions.swift in Sources */,
				3245929A1FEB132600DE89BB /* CAError.swift in Sources */,
				324592A21FEB4B4D00DE89BB /* ConventionListController.swift in Sources */,
			);
			runOnlyForDeploymentPostprocessing = 0;
		};
		321B75E91F9BAD320055EBC4 /* Sources */ = {
			isa = PBXSourcesBuildPhase;
			buildActionMask = 2147483647;
			files = (
				321B75F21F9BAD320055EBC4 /* ConArtistTests.swift in Sources */,
			);
			runOnlyForDeploymentPostprocessing = 0;
		};
/* End PBXSourcesBuildPhase section */

/* Begin PBXTargetDependency section */
		321B75EF1F9BAD320055EBC4 /* PBXTargetDependency */ = {
			isa = PBXTargetDependency;
			target = 321B75D51F9BAD320055EBC4 /* ConArtist */;
			targetProxy = 321B75EE1F9BAD320055EBC4 /* PBXContainerItemProxy */;
		};
/* End PBXTargetDependency section */

/* Begin PBXVariantGroup section */
		321B75DD1F9BAD320055EBC4 /* Main.storyboard */ = {
			isa = PBXVariantGroup;
			children = (
				321B75DE1F9BAD320055EBC4 /* Base */,
			);
			name = Main.storyboard;
			sourceTree = "<group>";
		};
		321B75E51F9BAD320055EBC4 /* LaunchScreen.storyboard */ = {
			isa = PBXVariantGroup;
			children = (
				321B75E61F9BAD320055EBC4 /* Base */,
			);
			name = LaunchScreen.storyboard;
			sourceTree = "<group>";
		};
/* End PBXVariantGroup section */

/* Begin XCBuildConfiguration section */
		321B75F41F9BAD320055EBC4 /* Debug */ = {
			isa = XCBuildConfiguration;
			buildSettings = {
				ALWAYS_SEARCH_USER_PATHS = NO;
				CLANG_ANALYZER_NONNULL = YES;
				CLANG_ANALYZER_NUMBER_OBJECT_CONVERSION = YES_AGGRESSIVE;
				CLANG_CXX_LANGUAGE_STANDARD = "gnu++0x";
				CLANG_CXX_LIBRARY = "libc++";
				CLANG_ENABLE_MODULES = YES;
				CLANG_ENABLE_OBJC_ARC = YES;
				CLANG_WARN_BOOL_CONVERSION = YES;
				CLANG_WARN_CONSTANT_CONVERSION = YES;
				CLANG_WARN_DIRECT_OBJC_ISA_USAGE = YES_ERROR;
				CLANG_WARN_DOCUMENTATION_COMMENTS = YES;
				CLANG_WARN_EMPTY_BODY = YES;
				CLANG_WARN_ENUM_CONVERSION = YES;
				CLANG_WARN_INFINITE_RECURSION = YES;
				CLANG_WARN_INT_CONVERSION = YES;
				CLANG_WARN_OBJC_ROOT_CLASS = YES_ERROR;
				CLANG_WARN_SUSPICIOUS_MOVE = YES;
				CLANG_WARN_UNREACHABLE_CODE = YES;
				CLANG_WARN__DUPLICATE_METHOD_MATCH = YES;
				"CODE_SIGN_IDENTITY[sdk=iphoneos*]" = "iPhone Developer";
				COPY_PHASE_STRIP = NO;
				DEBUG_INFORMATION_FORMAT = dwarf;
				ENABLE_STRICT_OBJC_MSGSEND = YES;
				ENABLE_TESTABILITY = YES;
				GCC_C_LANGUAGE_STANDARD = gnu99;
				GCC_DYNAMIC_NO_PIC = NO;
				GCC_NO_COMMON_BLOCKS = YES;
				GCC_OPTIMIZATION_LEVEL = 0;
				GCC_PREPROCESSOR_DEFINITIONS = (
					"DEBUG=1",
					"$(inherited)",
				);
				GCC_WARN_64_TO_32_BIT_CONVERSION = YES;
				GCC_WARN_ABOUT_RETURN_TYPE = YES_ERROR;
				GCC_WARN_UNDECLARED_SELECTOR = YES;
				GCC_WARN_UNINITIALIZED_AUTOS = YES_AGGRESSIVE;
				GCC_WARN_UNUSED_FUNCTION = YES;
				GCC_WARN_UNUSED_VARIABLE = YES;
				IPHONEOS_DEPLOYMENT_TARGET = 10.3;
				MTL_ENABLE_DEBUG_INFO = YES;
				ONLY_ACTIVE_ARCH = YES;
				SDKROOT = iphoneos;
				SWIFT_ACTIVE_COMPILATION_CONDITIONS = DEBUG;
				SWIFT_OPTIMIZATION_LEVEL = "-Onone";
				TARGETED_DEVICE_FAMILY = "1,2";
			};
			name = Debug;
		};
		321B75F51F9BAD320055EBC4 /* Release */ = {
			isa = XCBuildConfiguration;
			buildSettings = {
				ALWAYS_SEARCH_USER_PATHS = NO;
				CLANG_ANALYZER_NONNULL = YES;
				CLANG_ANALYZER_NUMBER_OBJECT_CONVERSION = YES_AGGRESSIVE;
				CLANG_CXX_LANGUAGE_STANDARD = "gnu++0x";
				CLANG_CXX_LIBRARY = "libc++";
				CLANG_ENABLE_MODULES = YES;
				CLANG_ENABLE_OBJC_ARC = YES;
				CLANG_WARN_BOOL_CONVERSION = YES;
				CLANG_WARN_CONSTANT_CONVERSION = YES;
				CLANG_WARN_DIRECT_OBJC_ISA_USAGE = YES_ERROR;
				CLANG_WARN_DOCUMENTATION_COMMENTS = YES;
				CLANG_WARN_EMPTY_BODY = YES;
				CLANG_WARN_ENUM_CONVERSION = YES;
				CLANG_WARN_INFINITE_RECURSION = YES;
				CLANG_WARN_INT_CONVERSION = YES;
				CLANG_WARN_OBJC_ROOT_CLASS = YES_ERROR;
				CLANG_WARN_SUSPICIOUS_MOVE = YES;
				CLANG_WARN_UNREACHABLE_CODE = YES;
				CLANG_WARN__DUPLICATE_METHOD_MATCH = YES;
				"CODE_SIGN_IDENTITY[sdk=iphoneos*]" = "iPhone Developer";
				COPY_PHASE_STRIP = NO;
				DEBUG_INFORMATION_FORMAT = "dwarf-with-dsym";
				ENABLE_NS_ASSERTIONS = NO;
				ENABLE_STRICT_OBJC_MSGSEND = YES;
				GCC_C_LANGUAGE_STANDARD = gnu99;
				GCC_NO_COMMON_BLOCKS = YES;
				GCC_WARN_64_TO_32_BIT_CONVERSION = YES;
				GCC_WARN_ABOUT_RETURN_TYPE = YES_ERROR;
				GCC_WARN_UNDECLARED_SELECTOR = YES;
				GCC_WARN_UNINITIALIZED_AUTOS = YES_AGGRESSIVE;
				GCC_WARN_UNUSED_FUNCTION = YES;
				GCC_WARN_UNUSED_VARIABLE = YES;
				IPHONEOS_DEPLOYMENT_TARGET = 10.3;
				MTL_ENABLE_DEBUG_INFO = NO;
				SDKROOT = iphoneos;
				SWIFT_OPTIMIZATION_LEVEL = "-Owholemodule";
				TARGETED_DEVICE_FAMILY = "1,2";
				VALIDATE_PRODUCT = YES;
			};
			name = Release;
		};
		321B75F71F9BAD320055EBC4 /* Debug */ = {
			isa = XCBuildConfiguration;
			baseConfigurationReference = 910953E2D95714FA5C58D57C /* Pods-ConArtist.debug.xcconfig */;
			buildSettings = {
				ASSETCATALOG_COMPILER_APPICON_NAME = AppIcon;
				"CODE_SIGN_IDENTITY[sdk=iphoneos*]" = "iPhone Developer";
				DEVELOPMENT_TEAM = "";
				INFOPLIST_FILE = ConArtist/Info.plist;
				LD_RUNPATH_SEARCH_PATHS = "$(inherited) @executable_path/Frameworks";
				PRODUCT_BUNDLE_IDENTIFIER = cameldridge.ConArtist;
				PRODUCT_NAME = "$(TARGET_NAME)";
				PROVISIONING_PROFILE_SPECIFIER = "";
				SWIFT_VERSION = 3.0;
			};
			name = Debug;
		};
		321B75F81F9BAD320055EBC4 /* Release */ = {
			isa = XCBuildConfiguration;
			baseConfigurationReference = C2AA33475894D324CF81CCB2 /* Pods-ConArtist.release.xcconfig */;
			buildSettings = {
				ASSETCATALOG_COMPILER_APPICON_NAME = AppIcon;
				"CODE_SIGN_IDENTITY[sdk=iphoneos*]" = "iPhone Developer";
				DEVELOPMENT_TEAM = "";
				INFOPLIST_FILE = ConArtist/Info.plist;
				LD_RUNPATH_SEARCH_PATHS = "$(inherited) @executable_path/Frameworks";
				PRODUCT_BUNDLE_IDENTIFIER = cameldridge.ConArtist;
				PRODUCT_NAME = "$(TARGET_NAME)";
				PROVISIONING_PROFILE_SPECIFIER = "";
				SWIFT_VERSION = 3.0;
			};
			name = Release;
		};
		321B75FA1F9BAD320055EBC4 /* Debug */ = {
			isa = XCBuildConfiguration;
			baseConfigurationReference = 5C406A08D0DDC415ECB3E29A /* Pods-ConArtistTests.debug.xcconfig */;
			buildSettings = {
				ALWAYS_EMBED_SWIFT_STANDARD_LIBRARIES = YES;
				BUNDLE_LOADER = "$(TEST_HOST)";
				INFOPLIST_FILE = ConArtistTests/Info.plist;
				LD_RUNPATH_SEARCH_PATHS = "$(inherited) @executable_path/Frameworks @loader_path/Frameworks";
				PRODUCT_BUNDLE_IDENTIFIER = cameldridge.ConArtistTests;
				PRODUCT_NAME = "$(TARGET_NAME)";
				SWIFT_VERSION = 3.0;
				TEST_HOST = "$(BUILT_PRODUCTS_DIR)/ConArtist.app/ConArtist";
			};
			name = Debug;
		};
		321B75FB1F9BAD320055EBC4 /* Release */ = {
			isa = XCBuildConfiguration;
			baseConfigurationReference = 063B1EFBB50902FCD0882249 /* Pods-ConArtistTests.release.xcconfig */;
			buildSettings = {
				ALWAYS_EMBED_SWIFT_STANDARD_LIBRARIES = YES;
				BUNDLE_LOADER = "$(TEST_HOST)";
				INFOPLIST_FILE = ConArtistTests/Info.plist;
				LD_RUNPATH_SEARCH_PATHS = "$(inherited) @executable_path/Frameworks @loader_path/Frameworks";
				PRODUCT_BUNDLE_IDENTIFIER = cameldridge.ConArtistTests;
				PRODUCT_NAME = "$(TARGET_NAME)";
				SWIFT_VERSION = 3.0;
				TEST_HOST = "$(BUILT_PRODUCTS_DIR)/ConArtist.app/ConArtist";
			};
			name = Release;
		};
/* End XCBuildConfiguration section */

/* Begin XCConfigurationList section */
		321B75D11F9BAD320055EBC4 /* Build configuration list for PBXProject "ConArtist" */ = {
			isa = XCConfigurationList;
			buildConfigurations = (
				321B75F41F9BAD320055EBC4 /* Debug */,
				321B75F51F9BAD320055EBC4 /* Release */,
			);
			defaultConfigurationIsVisible = 0;
			defaultConfigurationName = Release;
		};
		321B75F61F9BAD320055EBC4 /* Build configuration list for PBXNativeTarget "ConArtist" */ = {
			isa = XCConfigurationList;
			buildConfigurations = (
				321B75F71F9BAD320055EBC4 /* Debug */,
				321B75F81F9BAD320055EBC4 /* Release */,
			);
			defaultConfigurationIsVisible = 0;
			defaultConfigurationName = Release;
		};
		321B75F91F9BAD320055EBC4 /* Build configuration list for PBXNativeTarget "ConArtistTests" */ = {
			isa = XCConfigurationList;
			buildConfigurations = (
				321B75FA1F9BAD320055EBC4 /* Debug */,
				321B75FB1F9BAD320055EBC4 /* Release */,
			);
			defaultConfigurationIsVisible = 0;
			defaultConfigurationName = Release;
		};
/* End XCConfigurationList section */

/* Begin XCVersionGroup section */
		321B75E01F9BAD320055EBC4 /* ConArtist.xcdatamodeld */ = {
			isa = XCVersionGroup;
			children = (
				321B75E11F9BAD320055EBC4 /* ConArtist.xcdatamodel */,
			);
			currentVersion = 321B75E11F9BAD320055EBC4 /* ConArtist.xcdatamodel */;
			path = ConArtist.xcdatamodeld;
			sourceTree = "<group>";
			versionGroupType = wrapper.xcdatamodel;
		};
/* End XCVersionGroup section */
	};
	rootObject = 321B75CE1F9BAD320055EBC4 /* Project object */;
}
