{
  "name": "aanc-list-2019",
  "version": "1.0.0",
  "lockfileVersion": 1,
  "requires": true,
  "dependencies": {
    "clone": {
      "version": "1.0.4",
      "resolved": "https://registry.npmjs.org/clone/-/clone-1.0.4.tgz",
      "integrity": "sha1-2jCcwmPfFZlMaIypAheco8fNfH4="
    },
    "csv": {
      "version": "5.1.1",
      "resolved": "https://registry.npmjs.org/csv/-/csv-5.1.1.tgz",
      "integrity": "sha512-gezB9D+enrh2tLj+vsAD8JyYRMIJdSMpec/Pgbb+7YRj6Q6/D12HLSwjhx+CrirRT4dESjZYXWX1JfqlV4RlTA==",
      "requires": {
        "csv-generate": "^3.2.0",
        "csv-parse": "^4.3.0",
        "csv-stringify": "^5.1.2",
        "stream-transform": "^1.0.8"
      }
    },
    "csv-generate": {
      "version": "3.2.0",
      "resolved": "https://registry.npmjs.org/csv-generate/-/csv-generate-3.2.0.tgz",
      "integrity": "sha512-ZdS2KrgoLxm1guL9XhuaZX223Tiorldvl9QC0M/gihcrJavNDokAp/rX3CyyRHpK+rImxEE3L47cHe7npQMkkg=="
    },
    "csv-parse": {
      "version": "4.6.3",
      "resolved": "https://registry.npmjs.org/csv-parse/-/csv-parse-4.6.3.tgz",
      "integrity": "sha512-pAxEb5kabSaKEwqSXv7vpq6eucXQgY67MLpeLwnYCd21YjTD5OCIIIXGKyUKN/uNQNnzW/elNfxJfozQ1EjB/g==",
      "requires": {
        "pad": "^3.2.0"
      }
    },
    "csv-stringify": {
      "version": "5.2.0",
      "resolved": "https://registry.npmjs.org/csv-stringify/-/csv-stringify-5.2.0.tgz",
      "integrity": "sha512-xDvTC+LQCzRzadItryRG5MnGSb556Nu2Y+r9w8lHIHWQkua+TH1rQcseXhA325Slq0IVh+zt2sqe69TkUSvbfw==",
      "requires": {
        "lodash.get": "~4.4.2"
      }
    },
    "defaults": {
      "version": "1.0.3",
      "resolved": "https://registry.npmjs.org/defaults/-/defaults-1.0.3.tgz",
      "integrity": "sha1-xlYFHpgX2f8I7YgUd/P+QBnz730=",
      "requires": {
        "clone": "^1.0.2"
      }
    },
    "lodash.get": {
      "version": "4.4.2",
      "resolved": "https://registry.npmjs.org/lodash.get/-/lodash.get-4.4.2.tgz",
      "integrity": "sha1-LRd/ZS+jHpObRDjVNBSZ36OCXpk="
    },
    "pad": {
      "version": "3.2.0",
      "resolved": "https://registry.npmjs.org/pad/-/pad-3.2.0.tgz",
      "integrity": "sha512-2u0TrjcGbOjBTJpyewEl4hBO3OeX5wWue7eIFPzQTg6wFSvoaHcBTTUY5m+n0hd04gmTCPuY0kCpVIVuw5etwg==",
      "requires": {
        "wcwidth": "^1.0.1"
      }
    },
    "stream-transform": {
      "version": "1.0.8",
      "resolved": "https://registry.npmjs.org/stream-transform/-/stream-transform-1.0.8.tgz",
      "integrity": "sha512-1q+dL790Ps0NV33rISMq9OLtfDA9KMJZdo1PHZXE85orrWsM4FAh8CVyAOTHO0rhyeM138KNPngBPrx33bFsxw=="
    },
    "toml-js": {
      "version": "0.0.8",
      "resolved": "https://registry.npmjs.org/toml-js/-/toml-js-0.0.8.tgz",
      "integrity": "sha1-ZI6m8aTWOxnAuzC47QPkDQlHOwo="
    },
    "wcwidth": {
      "version": "1.0.1",
      "resolved": "https://registry.npmjs.org/wcwidth/-/wcwidth-1.0.1.tgz",
      "integrity": "sha1-8LDc+RW8X/FSivrbLA4XtTLaL+g=",
      "requires": {
        "defaults": "^1.0.3"
      }
    }
  }
}
