PODS:
  - Alamofire (4.7.3)
  - Apollo (0.9.4):
    - Apollo/Core (= 0.9.4)
  - Apollo/Core (0.9.4)
  - CocoaLumberjack (3.4.2):
    - CocoaLumberjack/Default (= 3.4.2)
    - CocoaLumberjack/Extensions (= 3.4.2)
  - CocoaLumberjack/Default (3.4.2)
  - CocoaLumberjack/Extensions (3.4.2):
    - CocoaLumberjack/Default
  - pop (1.0.12)
  - PrettyString (0.1.2)
  - RxAlamofire (4.3.0):
    - RxAlamofire/Core (= 4.3.0)
  - RxAlamofire/Core (4.3.0):
    - Alamofire (~> 4.5)
    - RxSwift (~> 4)
  - RxCocoa (4.3.1):
    - RxSwift (~> 4.0)
  - RxSwift (4.3.1)
  - SexyTooltip (1.2.6):
    - pop (~> 1.0)
  - Strongbox (0.5.1)
  - SVGKit (2.1.0):
    - CocoaLumberjack (~> 3.0)
  - SwiftMoment (0.7)

DEPENDENCIES:
  - Alamofire (~> 4.7)
  - Apollo (~> 0.9)
  - PrettyString (~> 0.1)
  - RxAlamofire (~> 4.3)
  - RxCocoa (~> 4.3)
  - RxSwift (~> 4.3)
  - SexyTooltip (~> 1.2)
  - Strongbox (~> 0.5)
  - SVGKit (from `https://github.com/SVGKit/SVGKit.git`, branch `2.x`)
  - SwiftMoment (~> 0.7)

SPEC REPOS:
  https://github.com/cocoapods/specs.git:
    - Alamofire
    - Apollo
    - CocoaLumberjack
    - pop
    - PrettyString
    - RxAlamofire
    - RxCocoa
    - RxSwift
    - SexyTooltip
    - Strongbox
    - SwiftMoment

EXTERNAL SOURCES:
  SVGKit:
    :branch: 2.x
    :git: https://github.com/SVGKit/SVGKit.git

CHECKOUT OPTIONS:
  SVGKit:
    :commit: 0d4db53890c664fb8605666e6fbccd14912ff821
    :git: https://github.com/SVGKit/SVGKit.git

SPEC CHECKSUMS:
  Alamofire: c7287b6e5d7da964a70935e5db17046b7fde6568
  Apollo: 450856adbdebcdf28c3c671f81732ac3f9944065
  CocoaLumberjack: db7cc9e464771f12054c22ff6947c5a58d43a0fd
  pop: d582054913807fd11fd50bfe6a539d91c7e1a55a
  PrettyString: 88cd4e1b6d756718d4fb4dc55ca2ac53aaee3550
  RxAlamofire: 09624d0f2d48ed8b686e4eb4cf68e28cbd2df556
  RxCocoa: 78763c7b07d02455598d9fc3c1ad091a28b73635
  RxSwift: fe0fd770a43acdb7d0a53da411c9b892e69bb6e4
  SexyTooltip: 47654d390fbb85f31b8e49f4e48c5f1eec58a4c9
  Strongbox: f49a3922237c1dcde2cabbb882edd37d2aa75a23
  SVGKit: 8a2fc74258bdb2abb54d3b65f3dd68b0277a9c4d
  SwiftMoment: dc6dd27012e267819104cbb03f74ff9192dd0b42

PODFILE CHECKSUM: 52fc55fa6459625279df422a0a22ad1584c1931b

COCOAPODS: 1.5.3
