// !$*UTF8*$!
{
	archiveVersion = 1;
	classes = {
	};
	objectVersion = 46;
	objects = {

/* Begin PBXBuildFile section */
		321B75DA1F9BAD320055EBC4 /* AppDelegate.swift in Sources */ = {isa = PBXBuildFile; fileRef = 321B75D91F9BAD320055EBC4 /* AppDelegate.swift */; };
		321B75DC1F9BAD320055EBC4 /* ViewController.swift in Sources */ = {isa = PBXBuildFile; fileRef = 321B75DB1F9BAD320055EBC4 /* ViewController.swift */; };
		321B75DF1F9BAD320055EBC4 /* Main.storyboard in Resources */ = {isa = PBXBuildFile; fileRef = 321B75DD1F9BAD320055EBC4 /* Main.storyboard */; };
		321B75E21F9BAD320055EBC4 /* ConArtist.xcdatamodeld in Sources */ = {isa = PBXBuildFile; fileRef = 321B75E01F9BAD320055EBC4 /* ConArtist.xcdatamodeld */; };
		321B75E41F9BAD320055EBC4 /* Assets.xcassets in Resources */ = {isa = PBXBuildFile; fileRef = 321B75E31F9BAD320055EBC4 /* Assets.xcassets */; };
		321B75E71F9BAD320055EBC4 /* LaunchScreen.storyboard in Resources */ = {isa = PBXBuildFile; fileRef = 321B75E51F9BAD320055EBC4 /* LaunchScreen.storyboard */; };
		321B75F21F9BAD320055EBC4 /* ConArtistTests.swift in Sources */ = {isa = PBXBuildFile; fileRef = 321B75F11F9BAD320055EBC4 /* ConArtistTests.swift */; };
/* End PBXBuildFile section */

/* Begin PBXContainerItemProxy section */
		321B75EE1F9BAD320055EBC4 /* PBXContainerItemProxy */ = {
			isa = PBXContainerItemProxy;
			containerPortal = 321B75CE1F9BAD320055EBC4 /* Project object */;
			proxyType = 1;
			remoteGlobalIDString = 321B75D51F9BAD320055EBC4;
			remoteInfo = ConArtist;
		};
/* End PBXContainerItemProxy section */

/* Begin PBXFileReference section */
		321B75D61F9BAD320055EBC4 /* ConArtist.app */ = {isa = PBXFileReference; explicitFileType = wrapper.application; includeInIndex = 0; path = ConArtist.app; sourceTree = BUILT_PRODUCTS_DIR; };
		321B75D91F9BAD320055EBC4 /* AppDelegate.swift */ = {isa = PBXFileReference; lastKnownFileType = sourcecode.swift; path = AppDelegate.swift; sourceTree = "<group>"; };
		321B75DB1F9BAD320055EBC4 /* ViewController.swift */ = {isa = PBXFileReference; lastKnownFileType = sourcecode.swift; path = ViewController.swift; sourceTree = "<group>"; };
		321B75DE1F9BAD320055EBC4 /* Base */ = {isa = PBXFileReference; lastKnownFileType = file.storyboard; name = Base; path = Base.lproj/Main.storyboard; sourceTree = "<group>"; };
		321B75E11F9BAD320055EBC4 /* ConArtist.xcdatamodel */ = {isa = PBXFileReference; lastKnownFileType = wrapper.xcdatamodel; path = ConArtist.xcdatamodel; sourceTree = "<group>"; };
		321B75E31F9BAD320055EBC4 /* Assets.xcassets */ = {isa = PBXFileReference; lastKnownFileType = folder.assetcatalog; path = Assets.xcassets; sourceTree = "<group>"; };
		321B75E61F9BAD320055EBC4 /* Base */ = {isa = PBXFileReference; lastKnownFileType = file.storyboard; name = Base; path = Base.lproj/LaunchScreen.storyboard; sourceTree = "<group>"; };
		321B75E81F9BAD320055EBC4 /* Info.plist */ = {isa = PBXFileReference; lastKnownFileType = text.plist.xml; path = Info.plist; sourceTree = "<group>"; };
		321B75ED1F9BAD320055EBC4 /* ConArtistTests.xctest */ = {isa = PBXFileReference; explicitFileType = wrapper.cfbundle; includeInIndex = 0; path = ConArtistTests.xctest; sourceTree = BUILT_PRODUCTS_DIR; };
		321B75F11F9BAD320055EBC4 /* ConArtistTests.swift */ = {isa = PBXFileReference; lastKnownFileType = sourcecode.swift; path = ConArtistTests.swift; sourceTree = "<group>"; };
		321B75F31F9BAD320055EBC4 /* Info.plist */ = {isa = PBXFileReference; lastKnownFileType = text.plist.xml; path = Info.plist; sourceTree = "<group>"; };
/* End PBXFileReference section */

/* Begin PBXFrameworksBuildPhase section */
		321B75D31F9BAD320055EBC4 /* Frameworks */ = {
			isa = PBXFrameworksBuildPhase;
			buildActionMask = 2147483647;
			files = (
			);
			runOnlyForDeploymentPostprocessing = 0;
		};
		321B75EA1F9BAD320055EBC4 /* Frameworks */ = {
			isa = PBXFrameworksBuildPhase;
			buildActionMask = 2147483647;
			files = (
			);
			runOnlyForDeploymentPostprocessing = 0;
		};
/* End PBXFrameworksBuildPhase section */

/* Begin PBXGroup section */
		321B75CD1F9BAD320055EBC4 = {
			isa = PBXGroup;
			children = (
				321B75D81F9BAD320055EBC4 /* ConArtist */,
				321B75F01F9BAD320055EBC4 /* ConArtistTests */,
				321B75D71F9BAD320055EBC4 /* Products */,
			);
			sourceTree = "<group>";
		};
		321B75D71F9BAD320055EBC4 /* Products */ = {
			isa = PBXGroup;
			children = (
				321B75D61F9BAD320055EBC4 /* ConArtist.app */,
				321B75ED1F9BAD320055EBC4 /* ConArtistTests.xctest */,
			);
			name = Products;
			sourceTree = "<group>";
		};
		321B75D81F9BAD320055EBC4 /* ConArtist */ = {
			isa = PBXGroup;
			children = (
				321B75D91F9BAD320055EBC4 /* AppDelegate.swift */,
				321B75DB1F9BAD320055EBC4 /* ViewController.swift */,
				321B75DD1F9BAD320055EBC4 /* Main.storyboard */,
				321B75E31F9BAD320055EBC4 /* Assets.xcassets */,
				321B75E51F9BAD320055EBC4 /* LaunchScreen.storyboard */,
				321B75E81F9BAD320055EBC4 /* Info.plist */,
				321B75E01F9BAD320055EBC4 /* ConArtist.xcdatamodeld */,
			);
			path = ConArtist;
			sourceTree = "<group>";
		};
		321B75F01F9BAD320055EBC4 /* ConArtistTests */ = {
			isa = PBXGroup;
			children = (
				321B75F11F9BAD320055EBC4 /* ConArtistTests.swift */,
				321B75F31F9BAD320055EBC4 /* Info.plist */,
			);
			path = ConArtistTests;
			sourceTree = "<group>";
		};
/* End PBXGroup section */

/* Begin PBXNativeTarget section */
		321B75D51F9BAD320055EBC4 /* ConArtist */ = {
			isa = PBXNativeTarget;
			buildConfigurationList = 321B75F61F9BAD320055EBC4 /* Build configuration list for PBXNativeTarget "ConArtist" */;
			buildPhases = (
				321B75D21F9BAD320055EBC4 /* Sources */,
				321B75D31F9BAD320055EBC4 /* Frameworks */,
				321B75D41F9BAD320055EBC4 /* Resources */,
			);
			buildRules = (
			);
			dependencies = (
			);
			name = ConArtist;
			productName = ConArtist;
			productReference = 321B75D61F9BAD320055EBC4 /* ConArtist.app */;
			productType = "com.apple.product-type.application";
		};
		321B75EC1F9BAD320055EBC4 /* ConArtistTests */ = {
			isa = PBXNativeTarget;
			buildConfigurationList = 321B75F91F9BAD320055EBC4 /* Build configuration list for PBXNativeTarget "ConArtistTests" */;
			buildPhases = (
				321B75E91F9BAD320055EBC4 /* Sources */,
				321B75EA1F9BAD320055EBC4 /* Frameworks */,
				321B75EB1F9BAD320055EBC4 /* Resources */,
			);
			buildRules = (
			);
			dependencies = (
				321B75EF1F9BAD320055EBC4 /* PBXTargetDependency */,
			);
			name = ConArtistTests;
			productName = ConArtistTests;
			productReference = 321B75ED1F9BAD320055EBC4 /* ConArtistTests.xctest */;
			productType = "com.apple.product-type.bundle.unit-test";
		};
/* End PBXNativeTarget section */

/* Begin PBXProject section */
		321B75CE1F9BAD320055EBC4 /* Project object */ = {
			isa = PBXProject;
			attributes = {
				LastSwiftUpdateCheck = 0830;
				LastUpgradeCheck = 0830;
				ORGANIZATIONNAME = "Cameron Eldridge";
				TargetAttributes = {
					321B75D51F9BAD320055EBC4 = {
						CreatedOnToolsVersion = 8.3.3;
						ProvisioningStyle = Automatic;
					};
					321B75EC1F9BAD320055EBC4 = {
						CreatedOnToolsVersion = 8.3.3;
						ProvisioningStyle = Automatic;
						TestTargetID = 321B75D51F9BAD320055EBC4;
					};
				};
			};
			buildConfigurationList = 321B75D11F9BAD320055EBC4 /* Build configuration list for PBXProject "ConArtist" */;
			compatibilityVersion = "Xcode 3.2";
			developmentRegion = English;
			hasScannedForEncodings = 0;
			knownRegions = (
				en,
				Base,
			);
			mainGroup = 321B75CD1F9BAD320055EBC4;
			productRefGroup = 321B75D71F9BAD320055EBC4 /* Products */;
			projectDirPath = "";
			projectRoot = "";
			targets = (
				321B75D51F9BAD320055EBC4 /* ConArtist */,
				321B75EC1F9BAD320055EBC4 /* ConArtistTests */,
			);
		};
/* End PBXProject section */

/* Begin PBXResourcesBuildPhase section */
		321B75D41F9BAD320055EBC4 /* Resources */ = {
			isa = PBXResourcesBuildPhase;
			buildActionMask = 2147483647;
			files = (
				321B75E71F9BAD320055EBC4 /* LaunchScreen.storyboard in Resources */,
				321B75E41F9BAD320055EBC4 /* Assets.xcassets in Resources */,
				321B75DF1F9BAD320055EBC4 /* Main.storyboard in Resources */,
			);
			runOnlyForDeploymentPostprocessing = 0;
		};
		321B75EB1F9BAD320055EBC4 /* Resources */ = {
			isa = PBXResourcesBuildPhase;
			buildActionMask = 2147483647;
			files = (
			);
			runOnlyForDeploymentPostprocessing = 0;
		};
/* End PBXResourcesBuildPhase section */

/* Begin PBXSourcesBuildPhase section */
		321B75D21F9BAD320055EBC4 /* Sources */ = {
			isa = PBXSourcesBuildPhase;
			buildActionMask = 2147483647;
			files = (
				321B75DC1F9BAD320055EBC4 /* ViewController.swift in Sources */,
				321B75DA1F9BAD320055EBC4 /* AppDelegate.swift in Sources */,
				321B75E21F9BAD320055EBC4 /* ConArtist.xcdatamodeld in Sources */,
			);
			runOnlyForDeploymentPostprocessing = 0;
		};
		321B75E91F9BAD320055EBC4 /* Sources */ = {
			isa = PBXSourcesBuildPhase;
			buildActionMask = 2147483647;
			files = (
				321B75F21F9BAD320055EBC4 /* ConArtistTests.swift in Sources */,
			);
			runOnlyForDeploymentPostprocessing = 0;
		};
/* End PBXSourcesBuildPhase section */

/* Begin PBXTargetDependency section */
		321B75EF1F9BAD320055EBC4 /* PBXTargetDependency */ = {
			isa = PBXTargetDependency;
			target = 321B75D51F9BAD320055EBC4 /* ConArtist */;
			targetProxy = 321B75EE1F9BAD320055EBC4 /* PBXContainerItemProxy */;
		};
/* End PBXTargetDependency section */

/* Begin PBXVariantGroup section */
		321B75DD1F9BAD320055EBC4 /* Main.storyboard */ = {
			isa = PBXVariantGroup;
			children = (
				321B75DE1F9BAD320055EBC4 /* Base */,
			);
			name = Main.storyboard;
			sourceTree = "<group>";
		};
		321B75E51F9BAD320055EBC4 /* LaunchScreen.storyboard */ = {
			isa = PBXVariantGroup;
			children = (
				321B75E61F9BAD320055EBC4 /* Base */,
			);
			name = LaunchScreen.storyboard;
			sourceTree = "<group>";
		};
/* End PBXVariantGroup section */

/* Begin XCBuildConfiguration section */
		321B75F41F9BAD320055EBC4 /* Debug */ = {
			isa = XCBuildConfiguration;
			buildSettings = {
				ALWAYS_SEARCH_USER_PATHS = NO;
				CLANG_ANALYZER_NONNULL = YES;
				CLANG_ANALYZER_NUMBER_OBJECT_CONVERSION = YES_AGGRESSIVE;
				CLANG_CXX_LANGUAGE_STANDARD = "gnu++0x";
				CLANG_CXX_LIBRARY = "libc++";
				CLANG_ENABLE_MODULES = YES;
				CLANG_ENABLE_OBJC_ARC = YES;
				CLANG_WARN_BOOL_CONVERSION = YES;
				CLANG_WARN_CONSTANT_CONVERSION = YES;
				CLANG_WARN_DIRECT_OBJC_ISA_USAGE = YES_ERROR;
				CLANG_WARN_DOCUMENTATION_COMMENTS = YES;
				CLANG_WARN_EMPTY_BODY = YES;
				CLANG_WARN_ENUM_CONVERSION = YES;
				CLANG_WARN_INFINITE_RECURSION = YES;
				CLANG_WARN_INT_CONVERSION = YES;
				CLANG_WARN_OBJC_ROOT_CLASS = YES_ERROR;
				CLANG_WARN_SUSPICIOUS_MOVE = YES;
				CLANG_WARN_UNREACHABLE_CODE = YES;
				CLANG_WARN__DUPLICATE_METHOD_MATCH = YES;
				"CODE_SIGN_IDENTITY[sdk=iphoneos*]" = "iPhone Developer";
				COPY_PHASE_STRIP = NO;
				DEBUG_INFORMATION_FORMAT = dwarf;
				ENABLE_STRICT_OBJC_MSGSEND = YES;
				ENABLE_TESTABILITY = YES;
				GCC_C_LANGUAGE_STANDARD = gnu99;
				GCC_DYNAMIC_NO_PIC = NO;
				GCC_NO_COMMON_BLOCKS = YES;
				GCC_OPTIMIZATION_LEVEL = 0;
				GCC_PREPROCESSOR_DEFINITIONS = (
					"DEBUG=1",
					"$(inherited)",
				);
				GCC_WARN_64_TO_32_BIT_CONVERSION = YES;
				GCC_WARN_ABOUT_RETURN_TYPE = YES_ERROR;
				GCC_WARN_UNDECLARED_SELECTOR = YES;
				GCC_WARN_UNINITIALIZED_AUTOS = YES_AGGRESSIVE;
				GCC_WARN_UNUSED_FUNCTION = YES;
				GCC_WARN_UNUSED_VARIABLE = YES;
				IPHONEOS_DEPLOYMENT_TARGET = 10.3;
				MTL_ENABLE_DEBUG_INFO = YES;
				ONLY_ACTIVE_ARCH = YES;
				SDKROOT = iphoneos;
				SWIFT_ACTIVE_COMPILATION_CONDITIONS = DEBUG;
				SWIFT_OPTIMIZATION_LEVEL = "-Onone";
				TARGETED_DEVICE_FAMILY = "1,2";
			};
			name = Debug;
		};
		321B75F51F9BAD320055EBC4 /* Release */ = {
			isa = XCBuildConfiguration;
			buildSettings = {
				ALWAYS_SEARCH_USER_PATHS = NO;
				CLANG_ANALYZER_NONNULL = YES;
				CLANG_ANALYZER_NUMBER_OBJECT_CONVERSION = YES_AGGRESSIVE;
				CLANG_CXX_LANGUAGE_STANDARD = "gnu++0x";
				CLANG_CXX_LIBRARY = "libc++";
				CLANG_ENABLE_MODULES = YES;
				CLANG_ENABLE_OBJC_ARC = YES;
				CLANG_WARN_BOOL_CONVERSION = YES;
				CLANG_WARN_CONSTANT_CONVERSION = YES;
				CLANG_WARN_DIRECT_OBJC_ISA_USAGE = YES_ERROR;
				CLANG_WARN_DOCUMENTATION_COMMENTS = YES;
				CLANG_WARN_EMPTY_BODY = YES;
				CLANG_WARN_ENUM_CONVERSION = YES;
				CLANG_WARN_INFINITE_RECURSION = YES;
				CLANG_WARN_INT_CONVERSION = YES;
				CLANG_WARN_OBJC_ROOT_CLASS = YES_ERROR;
				CLANG_WARN_SUSPICIOUS_MOVE = YES;
				CLANG_WARN_UNREACHABLE_CODE = YES;
				CLANG_WARN__DUPLICATE_METHOD_MATCH = YES;
				"CODE_SIGN_IDENTITY[sdk=iphoneos*]" = "iPhone Developer";
				COPY_PHASE_STRIP = NO;
				DEBUG_INFORMATION_FORMAT = "dwarf-with-dsym";
				ENABLE_NS_ASSERTIONS = NO;
				ENABLE_STRICT_OBJC_MSGSEND = YES;
				GCC_C_LANGUAGE_STANDARD = gnu99;
				GCC_NO_COMMON_BLOCKS = YES;
				GCC_WARN_64_TO_32_BIT_CONVERSION = YES;
				GCC_WARN_ABOUT_RETURN_TYPE = YES_ERROR;
				GCC_WARN_UNDECLARED_SELECTOR = YES;
				GCC_WARN_UNINITIALIZED_AUTOS = YES_AGGRESSIVE;
				GCC_WARN_UNUSED_FUNCTION = YES;
				GCC_WARN_UNUSED_VARIABLE = YES;
				IPHONEOS_DEPLOYMENT_TARGET = 10.3;
				MTL_ENABLE_DEBUG_INFO = NO;
				SDKROOT = iphoneos;
				SWIFT_OPTIMIZATION_LEVEL = "-Owholemodule";
				TARGETED_DEVICE_FAMILY = "1,2";
				VALIDATE_PRODUCT = YES;
			};
			name = Release;
		};
		321B75F71F9BAD320055EBC4 /* Debug */ = {
			isa = XCBuildConfiguration;
			buildSettings = {
				ASSETCATALOG_COMPILER_APPICON_NAME = AppIcon;
				INFOPLIST_FILE = ConArtist/Info.plist;
				LD_RUNPATH_SEARCH_PATHS = "$(inherited) @executable_path/Frameworks";
				PRODUCT_BUNDLE_IDENTIFIER = cameldridge.ConArtist;
				PRODUCT_NAME = "$(TARGET_NAME)";
				SWIFT_VERSION = 3.0;
			};
			name = Debug;
		};
		321B75F81F9BAD320055EBC4 /* Release */ = {
			isa = XCBuildConfiguration;
			buildSettings = {
				ASSETCATALOG_COMPILER_APPICON_NAME = AppIcon;
				INFOPLIST_FILE = ConArtist/Info.plist;
				LD_RUNPATH_SEARCH_PATHS = "$(inherited) @executable_path/Frameworks";
				PRODUCT_BUNDLE_IDENTIFIER = cameldridge.ConArtist;
				PRODUCT_NAME = "$(TARGET_NAME)";
				SWIFT_VERSION = 3.0;
			};
			name = Release;
		};
		321B75FA1F9BAD320055EBC4 /* Debug */ = {
			isa = XCBuildConfiguration;
			buildSettings = {
				ALWAYS_EMBED_SWIFT_STANDARD_LIBRARIES = YES;
				BUNDLE_LOADER = "$(TEST_HOST)";
				INFOPLIST_FILE = ConArtistTests/Info.plist;
				LD_RUNPATH_SEARCH_PATHS = "$(inherited) @executable_path/Frameworks @loader_path/Frameworks";
				PRODUCT_BUNDLE_IDENTIFIER = cameldridge.ConArtistTests;
				PRODUCT_NAME = "$(TARGET_NAME)";
				SWIFT_VERSION = 3.0;
				TEST_HOST = "$(BUILT_PRODUCTS_DIR)/ConArtist.app/ConArtist";
			};
			name = Debug;
		};
		321B75FB1F9BAD320055EBC4 /* Release */ = {
			isa = XCBuildConfiguration;
			buildSettings = {
				ALWAYS_EMBED_SWIFT_STANDARD_LIBRARIES = YES;
				BUNDLE_LOADER = "$(TEST_HOST)";
				INFOPLIST_FILE = ConArtistTests/Info.plist;
				LD_RUNPATH_SEARCH_PATHS = "$(inherited) @executable_path/Frameworks @loader_path/Frameworks";
				PRODUCT_BUNDLE_IDENTIFIER = cameldridge.ConArtistTests;
				PRODUCT_NAME = "$(TARGET_NAME)";
				SWIFT_VERSION = 3.0;
				TEST_HOST = "$(BUILT_PRODUCTS_DIR)/ConArtist.app/ConArtist";
			};
			name = Release;
		};
/* End XCBuildConfiguration section */

/* Begin XCConfigurationList section */
		321B75D11F9BAD320055EBC4 /* Build configuration list for PBXProject "ConArtist" */ = {
			isa = XCConfigurationList;
			buildConfigurations = (
				321B75F41F9BAD320055EBC4 /* Debug */,
				321B75F51F9BAD320055EBC4 /* Release */,
			);
			defaultConfigurationIsVisible = 0;
			defaultConfigurationName = Release;
		};
		321B75F61F9BAD320055EBC4 /* Build configuration list for PBXNativeTarget "ConArtist" */ = {
			isa = XCConfigurationList;
			buildConfigurations = (
				321B75F71F9BAD320055EBC4 /* Debug */,
				321B75F81F9BAD320055EBC4 /* Release */,
			);
			defaultConfigurationIsVisible = 0;
		};
		321B75F91F9BAD320055EBC4 /* Build configuration list for PBXNativeTarget "ConArtistTests" */ = {
			isa = XCConfigurationList;
			buildConfigurations = (
				321B75FA1F9BAD320055EBC4 /* Debug */,
				321B75FB1F9BAD320055EBC4 /* Release */,
			);
			defaultConfigurationIsVisible = 0;
		};
/* End XCConfigurationList section */

/* Begin XCVersionGroup section */
		321B75E01F9BAD320055EBC4 /* ConArtist.xcdatamodeld */ = {
			isa = XCVersionGroup;
			children = (
				321B75E11F9BAD320055EBC4 /* ConArtist.xcdatamodel */,
			);
			currentVersion = 321B75E11F9BAD320055EBC4 /* ConArtist.xcdatamodel */;
			path = ConArtist.xcdatamodeld;
			sourceTree = "<group>";
			versionGroupType = wrapper.xcdatamodel;
		};
/* End XCVersionGroup section */
	};
	rootObject = 321B75CE1F9BAD320055EBC4 /* Project object */;
}
